# Generated by conda-lock.
# platform: linux-aarch64
# input_hash: 6ecaafc50c6915cab927b2bd9123db76577f77c6fe7eb3a782f202a45f6c5e91
@EXPLICIT
https://conda.anaconda.org/conda-forge/linux-aarch64/ca-certificates-2021.10.8-h4fd8a4c_0.tar.bz2#ad855209fcca3b45da677d409b16e021
https://conda.anaconda.org/conda-forge/noarch/kernel-headers_linux-aarch64-4.18.0-h5b4a56d_13.tar.bz2#a9385e5b11a076c40d75915986f498d7
https://conda.anaconda.org/conda-forge/linux-aarch64/ld_impl_linux-aarch64-2.36.1-h02ad14f_2.tar.bz2#3ca1a8e406eab04ffc3bfa6e8ac0a724
https://conda.anaconda.org/conda-forge/linux-aarch64/libgcc-devel_linux-aarch64-9.4.0-h85f5abf_12.tar.bz2#ed0c76c111a37ca34b4efad58df3566a
https://conda.anaconda.org/conda-forge/linux-aarch64/libgfortran5-11.2.0-h440fb59_12.tar.bz2#74f1d951027bcb7cd09d398fd83c12a2
https://conda.anaconda.org/conda-forge/linux-aarch64/libgomp-11.2.0-hf1cc4e7_12.tar.bz2#a3abd5f12d1924da46051081e51c081b
https://conda.anaconda.org/conda-forge/linux-aarch64/libstdcxx-devel_linux-aarch64-9.4.0-h85f5abf_12.tar.bz2#88432568e7f59450a4ba285e62f07dd5
https://conda.anaconda.org/conda-forge/linux-aarch64/libstdcxx-ng-11.2.0-h0d0a5bb_12.tar.bz2#d70ff7375c4c8932b97779c06cfc4773
https://conda.anaconda.org/conda-forge/noarch/tzdata-2021e-he74cb21_0.tar.bz2#a751ec502589ebdc2eceb183ff602569
https://conda.anaconda.org/conda-forge/linux-aarch64/_openmp_mutex-4.5-1_gnu.tar.bz2#d029b13a6c638f91c9db96a991ac56f0
https://conda.anaconda.org/conda-forge/linux-aarch64/libgfortran-ng-11.2.0-he9431aa_12.tar.bz2#2c23107e15eaf80adff201615b35fdcb
https://conda.anaconda.org/conda-forge/noarch/sysroot_linux-aarch64-2.17-h43d7e78_13.tar.bz2#6d8f1fd1e675ba478041892112887949
https://conda.anaconda.org/conda-forge/linux-aarch64/binutils_impl_linux-aarch64-2.36.1-h026399b_2.tar.bz2#c00459e3a7076170a888607de3221247
https://conda.anaconda.org/conda-forge/linux-aarch64/libgcc-ng-11.2.0-hf1cc4e7_12.tar.bz2#ca39126cbeb9134518087c642abf26fc
https://conda.anaconda.org/conda-forge/linux-aarch64/abseil-cpp-20210324.2-h01db608_0.tar.bz2#19f433cbd46bc7b77f3ba94d6964fa64
https://conda.anaconda.org/conda-forge/linux-aarch64/aws-c-common-0.6.2-hf897c2e_0.tar.bz2#65bc3dd151f785d72c592bd6574d51d7
https://conda.anaconda.org/conda-forge/linux-aarch64/binutils-2.36.1-h64c2a2e_2.tar.bz2#67a1e916b2218bb50dcfe9a7932f0325
https://conda.anaconda.org/conda-forge/linux-aarch64/binutils_linux-aarch64-2.36-h7854541_5.tar.bz2#45b88f86db72ea1b20a5ed81b02523be
https://conda.anaconda.org/conda-forge/linux-aarch64/bzip2-1.0.8-hf897c2e_4.tar.bz2#2d787570a729e273a4e75775ddf3348a
https://conda.anaconda.org/conda-forge/linux-aarch64/c-ares-1.18.1-hf897c2e_0.tar.bz2#12c54b174dd7c6a9331e729d24c39515
https://conda.anaconda.org/conda-forge/linux-aarch64/gflags-2.2.2-h54f1f3f_1004.tar.bz2#f286d3464cc8d467c92e4f17990c98c1
https://conda.anaconda.org/conda-forge/linux-aarch64/gtest-1.10.0-hd62202e_7.tar.bz2#6743d5572dd78ce83acf6588142508e8
https://conda.anaconda.org/conda-forge/linux-aarch64/libbrotlicommon-1.0.9-hf897c2e_6.tar.bz2#db09880c08564f64cb06ee996b8736d5
https://conda.anaconda.org/conda-forge/linux-aarch64/libcrc32c-1.1.2-h01db608_0.tar.bz2#268ee639c17ada0002fb04dd21816cc2
https://conda.anaconda.org/conda-forge/linux-aarch64/libev-4.33-h516909a_1.tar.bz2#9eac5901791494108c9b9ab85ca8aa93
https://conda.anaconda.org/conda-forge/linux-aarch64/libffi-3.4.2-h3557bc0_5.tar.bz2#dddd85f4d52121fab0a8b099c5e06501
https://conda.anaconda.org/conda-forge/linux-aarch64/libnsl-2.0.0-hf897c2e_0.tar.bz2#36fdbc05c9d9145ece86f5a63c3f352e
https://conda.anaconda.org/conda-forge/linux-aarch64/libopenblas-0.3.18-pthreads_h775ce2d_0.tar.bz2#1ca386fb2a69cad512670e0cf082f2a3
https://conda.anaconda.org/conda-forge/linux-aarch64/libsanitizer-9.4.0-h4d00405_12.tar.bz2#aa6687d465bcc31442dc1dc6fc31aa0a
https://conda.anaconda.org/conda-forge/linux-aarch64/libutf8proc-2.7.0-hf897c2e_0.tar.bz2#09a036693b8e077ccbb0e4c25af2a16c
https://conda.anaconda.org/conda-forge/linux-aarch64/libuuid-2.32.1-hf897c2e_1000.tar.bz2#e038da5ef9095b0d79aac14a311394e7
https://conda.anaconda.org/conda-forge/linux-aarch64/libzlib-1.2.11-hb9de7d4_1013.tar.bz2#8da01d8d112058433902f24c753f5190
https://conda.anaconda.org/conda-forge/linux-aarch64/lz4-c-1.9.3-h01db608_1.tar.bz2#25b5ec27b49b04a997a87b0f00f5e205
https://conda.anaconda.org/conda-forge/linux-aarch64/ncurses-6.3-h01db608_0.tar.bz2#c791f8ce7e66da3e5ccd22470ada6ccf
https://conda.anaconda.org/conda-forge/linux-aarch64/openssl-1.1.1l-hf897c2e_0.tar.bz2#c63d90652f46d4b1c1b9da23716ed4a7
https://conda.anaconda.org/conda-forge/linux-aarch64/re2-2022.02.01-h01db608_0.tar.bz2#29b0e8adcf18c0ecac8a72acc73d73fe
https://conda.anaconda.org/conda-forge/linux-aarch64/snappy-1.1.8-h54f1f3f_3.tar.bz2#03bdf8b9ba23ba70ef17073bee7d39dd
https://conda.anaconda.org/conda-forge/linux-aarch64/xz-5.2.5-h6dd45c4_1.tar.bz2#9da6f161d0f47f8a29fa708cda8deda2
https://conda.anaconda.org/conda-forge/linux-aarch64/aws-c-cal-0.5.11-h76602a3_0.tar.bz2#b4bc77d1e9aafae1961fa14be5999fe5
https://conda.anaconda.org/conda-forge/linux-aarch64/aws-checksums-0.1.11-hafdcbdd_7.tar.bz2#8dd89d70f18be569bbfbf1de40cd6658
https://conda.anaconda.org/conda-forge/linux-aarch64/gcc_impl_linux-aarch64-9.4.0-h603953f_12.tar.bz2#835ee5332c38d47402369c5f436c634c
https://conda.anaconda.org/conda-forge/linux-aarch64/glog-0.5.0-hbffda88_0.tar.bz2#939375fff4b51fcf1e3921e6fab165c1
https://conda.anaconda.org/conda-forge/linux-aarch64/libblas-3.9.0-13_linuxaarch64_openblas.tar.bz2#a845b50b554fc280dc012b44889d7f64
https://conda.anaconda.org/conda-forge/linux-aarch64/libbrotlidec-1.0.9-hf897c2e_6.tar.bz2#f2b0ffe32e64782bcd3db1baacb37625
https://conda.anaconda.org/conda-forge/linux-aarch64/libbrotlienc-1.0.9-hf897c2e_6.tar.bz2#8c98f807ddd1009083b3a4efd6f827ca
https://conda.anaconda.org/conda-forge/linux-aarch64/libedit-3.1.20191231-he28a2e2_2.tar.bz2#29371161d77933a54fccf1bb66b96529
https://conda.anaconda.org/conda-forge/linux-aarch64/libevent-2.1.10-h6aed413_4.tar.bz2#688418283c67fd1d725b07ba9c0d328c
https://conda.anaconda.org/conda-forge/linux-aarch64/libllvm13-13.0.1-h6293a0b_0.tar.bz2#04a9693b5caf9a3562e5c3aab7b13d68
https://conda.anaconda.org/conda-forge/linux-aarch64/readline-8.1-h1a49cc3_0.tar.bz2#ccd3c3e1bde615ec934282f3481a1ede
https://conda.anaconda.org/conda-forge/linux-aarch64/s2n-1.0.10-h6aed413_0.tar.bz2#a2811501920071cbd542e7d1aac7dcf9
https://conda.anaconda.org/conda-forge/linux-aarch64/tk-8.6.12-hd8af866_0.tar.bz2#7894e82ff743bd96c76585ddebe28e2a
https://conda.anaconda.org/conda-forge/linux-aarch64/zlib-1.2.11-hb9de7d4_1013.tar.bz2#7528dd959ebfdf9b73e3ffa79356e114
https://conda.anaconda.org/conda-forge/linux-aarch64/zstd-1.5.2-h41fb7a4_0.tar.bz2#03434131cc82915a59513e1ab989fdd5
https://conda.anaconda.org/conda-forge/linux-aarch64/aws-c-io-0.10.5-h5a3db43_0.tar.bz2#1d77281aabc9b2202b225cee0bb7300a
https://conda.anaconda.org/conda-forge/linux-aarch64/gcc-9.4.0-hff40af5_5.tar.bz2#728436f75b8252a3b6c3e9e236d86e75
https://conda.anaconda.org/conda-forge/linux-aarch64/gcc_linux-aarch64-9.4.0-h9fa865e_5.tar.bz2#eb1ee40b092af1d672622a413f8913ed
https://conda.anaconda.org/conda-forge/linux-aarch64/gfortran_impl_linux-aarch64-9.4.0-h54cdb55_12.tar.bz2#04cc569424bc1b8643ae193413850149
https://conda.anaconda.org/conda-forge/linux-aarch64/gxx_impl_linux-aarch64-9.4.0-h603953f_12.tar.bz2#3c6966c48d0eecdd65830482667c88f3
https://conda.anaconda.org/conda-forge/linux-aarch64/krb5-1.19.2-h4f20351_2.tar.bz2#4b553ede9fe44be7ee4b80c3aad67f51
https://conda.anaconda.org/conda-forge/linux-aarch64/libcblas-3.9.0-13_linuxaarch64_openblas.tar.bz2#0b8e63f48a4f4c2f382a1ce2d71788a5
https://conda.anaconda.org/conda-forge/linux-aarch64/libclang-13.0.1-default_hf9dac01_0.tar.bz2#93986a5fa1c39f725ab05380ff2471e6
https://conda.anaconda.org/conda-forge/linux-aarch64/libclang-cpp13-13.0.1-default_hf9dac01_0.tar.bz2#ac3ba8320af529949dc3356ec2905759
https://conda.anaconda.org/conda-forge/linux-aarch64/liblapack-3.9.0-13_linuxaarch64_openblas.tar.bz2#5937a66b4386d731df627f0eac99928e
https://conda.anaconda.org/conda-forge/linux-aarch64/libnghttp2-1.46.0-h097699d_0.tar.bz2#dda93e153833071204e17ee4911edccc
https://conda.anaconda.org/conda-forge/linux-aarch64/libprotobuf-3.19.4-h469bdbd_0.tar.bz2#8601868f83e474baf64c05f29be9eefa
https://conda.anaconda.org/conda-forge/linux-aarch64/libssh2-1.10.0-h1ab2c7b_2.tar.bz2#91b9f2d8cfd9a3d9341bca8800a8f463
https://conda.anaconda.org/conda-forge/linux-aarch64/libthrift-0.15.0-hb5cdc64_1.tar.bz2#0389cb676b9ac5b6745e188bee8318da
https://conda.anaconda.org/conda-forge/linux-aarch64/sqlite-3.37.0-hc164836_0.tar.bz2#81077a2ca51dfd8183f842e5b337e62a
https://conda.anaconda.org/conda-forge/linux-aarch64/aws-c-event-stream-0.2.7-hf314db3_13.tar.bz2#262217173231b3a68bcda58c62d57f7e
https://conda.anaconda.org/conda-forge/linux-aarch64/c-compiler-1.3.0-hf897c2e_0.tar.bz2#1fa1a855fad5fbee391ad4cd2b493853
https://conda.anaconda.org/conda-forge/linux-aarch64/clang-format-13-13.0.1-default_hf9dac01_0.tar.bz2#4077900679c43a2f90ec6dee3101829e
https://conda.anaconda.org/conda-forge/linux-aarch64/gfortran_linux-aarch64-9.4.0-h02353c8_5.tar.bz2#68e145d4581bcbf2773ad426f136a356
https://conda.anaconda.org/conda-forge/linux-aarch64/grpc-cpp-1.43.2-h4e595cf_1.tar.bz2#bfa07f38fb1ee7e4cd7aba16dd4335ba
https://conda.anaconda.org/conda-forge/linux-aarch64/gxx-9.4.0-hff40af5_5.tar.bz2#ba2a66d620e0cde0d7db0fe2e99d6903
https://conda.anaconda.org/conda-forge/linux-aarch64/gxx_linux-aarch64-9.4.0-h1e24722_5.tar.bz2#45aee6d63a18a8ce467c30ea43a0aed5
https://conda.anaconda.org/conda-forge/linux-aarch64/libcurl-7.81.0-hcafe9da_0.tar.bz2#82c3a2999a2a7fc9b8cb8477d98fe7f5
https://conda.anaconda.org/conda-forge/linux-aarch64/orc-1.7.3-h5c30ecb_0.tar.bz2#cb4f95b76c2515c5a272a36c6af13af8
https://conda.anaconda.org/conda-forge/linux-aarch64/python-3.9.10-he7f7bba_2_cpython.tar.bz2#902240b183b55c8f1034d0b97b3ce4eb
https://conda.anaconda.org/conda-forge/noarch/alabaster-0.7.12-py_0.tar.bz2#2489a97287f90176ecdc3ca982b4b0a0
https://conda.anaconda.org/conda-forge/linux-aarch64/aws-sdk-cpp-1.8.186-h3fd84e4_3.tar.bz2#e654ca7c8da2a1ffcfacb44b4f0ce257
https://conda.anaconda.org/conda-forge/noarch/charset-normalizer-2.0.12-pyhd8ed1ab_0.tar.bz2#1f5b32dabae0f1893ae3283dac7f799e
https://conda.anaconda.org/conda-forge/linux-aarch64/clang-format-13.0.1-default_hf9dac01_0.tar.bz2#9e8852eac03d36a020433f31855c87cb
https://conda.anaconda.org/conda-forge/noarch/colorama-0.4.4-pyh9f0ad1d_0.tar.bz2#c08b4c1326b880ed44f3ffb04803332f
https://conda.anaconda.org/conda-forge/linux-aarch64/cxx-compiler-1.3.0-hd62202e_0.tar.bz2#d213dc5d10b2132574af0a583ca6aaae
https://conda.anaconda.org/conda-forge/linux-aarch64/gfortran-9.4.0-h958508c_5.tar.bz2#d01165871eb7b0645fb5d2e197920c68
https://conda.anaconda.org/conda-forge/noarch/idna-3.3-pyhd8ed1ab_0.tar.bz2#40b50b8b030f5f2f22085c062ed013dd
https://conda.anaconda.org/conda-forge/noarch/imagesize-1.3.0-pyhd8ed1ab_0.tar.bz2#be807e7606fff9436e5e700f6bffb7c6
https://conda.anaconda.org/conda-forge/linux-aarch64/libgoogle-cloud-1.35.0-h82cccae_2.tar.bz2#42adaa9929b4b0c743e055d679dd6971
https://conda.anaconda.org/conda-forge/noarch/pycparser-2.21-pyhd8ed1ab_0.tar.bz2#076becd9e05608f8dc72757d5f3a91ff
https://conda.anaconda.org/conda-forge/noarch/pyparsing-3.0.7-pyhd8ed1ab_0.tar.bz2#727e2216d9c47455d8ddc060eb2caad9
https://conda.anaconda.org/conda-forge/linux-aarch64/python_abi-3.9-2_cp39.tar.bz2#c74e493d773fa544a312b0904abcfbfb
https://conda.anaconda.org/conda-forge/noarch/pytz-2021.3-pyhd8ed1ab_0.tar.bz2#7e4f811bff46a5a6a7e0094921389395
https://conda.anaconda.org/conda-forge/noarch/snowballstemmer-2.2.0-pyhd8ed1ab_0.tar.bz2#4d22a9315e78c6827f806065957d566e
https://conda.anaconda.org/conda-forge/noarch/sphinxcontrib-applehelp-1.0.2-py_0.tar.bz2#20b2eaeaeea4ef9a9a0d99770620fd09
https://conda.anaconda.org/conda-forge/noarch/sphinxcontrib-devhelp-1.0.2-py_0.tar.bz2#68e01cac9d38d0e717cd5c87bc3d2cc9
https://conda.anaconda.org/conda-forge/noarch/sphinxcontrib-htmlhelp-2.0.0-pyhd8ed1ab_0.tar.bz2#77dad82eb9c8c1525ff7953e0756d708
https://conda.anaconda.org/conda-forge/noarch/sphinxcontrib-jsmath-1.0.1-py_0.tar.bz2#67cd9d9c0382d37479b4d306c369a2d4
https://conda.anaconda.org/conda-forge/noarch/sphinxcontrib-qthelp-1.0.3-py_0.tar.bz2#d01180388e6d1838c3e1ad029590aa7a
https://conda.anaconda.org/conda-forge/noarch/zipp-3.7.0-pyhd8ed1ab_1.tar.bz2#b689b2cbc8481b224777415e1a193170
https://conda.anaconda.org/conda-forge/noarch/babel-2.9.1-pyh44b312d_0.tar.bz2#74136ed39bfea0832d338df1e58d013e
https://conda.anaconda.org/conda-forge/linux-aarch64/certifi-2021.10.8-py39ha65689a_1.tar.bz2#86a5e95d84499b2ee10c535da732b188
https://conda.anaconda.org/conda-forge/linux-aarch64/cffi-1.15.0-py39hab139ec_0.tar.bz2#e19fa26ceac3f4b0e0f11e4d65b41416
https://conda.anaconda.org/conda-forge/linux-aarch64/clang-tools-13.0.1-default_hf9dac01_0.tar.bz2#5cdef3b22ea03f21e81168767d83fe76
https://conda.anaconda.org/conda-forge/linux-aarch64/docutils-0.17.1-py39ha65689a_1.tar.bz2#cca23e9a0abb7389983153fc060ef403
https://conda.anaconda.org/conda-forge/linux-aarch64/fortran-compiler-1.3.0-h88a8a60_0.tar.bz2#71f9db6e70556e7215de466d9a57fb86
https://conda.anaconda.org/conda-forge/linux-aarch64/importlib-metadata-4.11.1-py39ha65689a_0.tar.bz2#b09bc4636ea67b5b1ec0747e95a84d69
https://conda.anaconda.org/conda-forge/linux-aarch64/markupsafe-2.1.0-py39hb9a1dbb_0.tar.bz2#7d84ffc4d0b96c12a2e951d9a0e9ec54
https://conda.anaconda.org/conda-forge/linux-aarch64/numpy-1.22.2-py39h8a86e7d_0.tar.bz2#55d9b0e132cca58112f4adcc3665d821
https://conda.anaconda.org/conda-forge/noarch/packaging-21.3-pyhd8ed1ab_0.tar.bz2#71f1ab2de48613876becddd496371c85
https://conda.anaconda.org/conda-forge/linux-aarch64/pysocks-1.7.1-py39ha65689a_4.tar.bz2#3b59004ab4fd8110e4349a630afc4b17
https://conda.anaconda.org/conda-forge/linux-aarch64/setuptools-60.9.3-py39ha65689a_0.tar.bz2#0389bdea7301af99bdc480d40b10d415
https://conda.anaconda.org/conda-forge/linux-aarch64/arrow-cpp-7.0.0-py39hf9328f6_2_cpu.tar.bz2#a3b3eb29101db54842d4424d9661369a
https://conda.anaconda.org/conda-forge/linux-aarch64/brotlipy-0.7.0-py39h14843e3_1003.tar.bz2#3a33e442189583f64b9c7c9cf0795236
https://conda.anaconda.org/conda-forge/linux-aarch64/compilers-1.3.0-h8af1aa0_0.tar.bz2#64c1b1a6c5b1339093c1b7ee4cc6036d
https://conda.anaconda.org/conda-forge/linux-aarch64/cryptography-36.0.1-py39h659f20f_0.tar.bz2#daf5807253bed814672337a6a9f628b5
https://conda.anaconda.org/conda-forge/noarch/jinja2-3.0.3-pyhd8ed1ab_0.tar.bz2#036d872c653780cb26e797e2e2f61b4c
https://conda.anaconda.org/conda-forge/noarch/pygments-2.11.2-pyhd8ed1ab_0.tar.bz2#caef60540e2239e27bf62569a5015e3b
https://conda.anaconda.org/conda-forge/noarch/parquet-cpp-1.5.1-2.tar.bz2#79a5f78c42817594ae016a7896521a97
https://conda.anaconda.org/conda-forge/noarch/pyopenssl-22.0.0-pyhd8ed1ab_0.tar.bz2#1d7e241dfaf5475e893d4b824bb71b44
https://conda.anaconda.org/conda-forge/linux-aarch64/pyarrow-7.0.0-py39ha97d641_2_cpu.tar.bz2#5393921bc8a7279638714e9106b16bac
https://conda.anaconda.org/conda-forge/noarch/urllib3-1.26.8-pyhd8ed1ab_1.tar.bz2#53f1387c68c21cecb386e2cde51b3f7c
https://conda.anaconda.org/conda-forge/noarch/requests-2.27.1-pyhd8ed1ab_0.tar.bz2#7c1c427246b057b8fa97200ecdb2ed62
https://conda.anaconda.org/conda-forge/noarch/sphinx-4.4.0-pyh6c4a22f_1.tar.bz2#a9025d14c2a609e0d895ad3e75b5369c
https://conda.anaconda.org/conda-forge/noarch/sphinxcontrib-serializinghtml-1.1.5-pyhd8ed1ab_1.tar.bz2#63d2f874f990fdcab47c822b608d6ade
