# Generated by conda-lock.
# platform: osx-arm64
# input_hash: 403b188f1602dcad95131c14a200cebf2797e517261ddfa8569fec785cffe8c5
@EXPLICIT
https://conda.anaconda.org/conda-forge/osx-arm64/aws-c-common-0.8.23-hb547adb_0.conda#f8cf439f68938da2bddffdc75c10e0ee
https://conda.anaconda.org/conda-forge/osx-arm64/bzip2-1.0.8-h3422bc3_4.tar.bz2#fc76ace7b94fb1f694988ab1b14dd248
https://conda.anaconda.org/conda-forge/osx-arm64/c-ares-1.19.1-hb547adb_0.conda#e7fc7430440d255e3a9c7e5a52f7b294
https://conda.anaconda.org/conda-forge/osx-arm64/ca-certificates-2023.7.22-hf0a4a13_0.conda#e1b99ac4dbcee71a71682996f67f7965
https://conda.anaconda.org/conda-forge/osx-arm64/icu-73.2-hc8870d7_0.conda#8521bd47c0e11c5902535bb1a17c565f
https://conda.anaconda.org/conda-forge/osx-arm64/libbrotlicommon-1.0.9-h1a8c8d9_9.conda#82354022c67480c61419b6e47377af89
https://conda.anaconda.org/conda-forge/osx-arm64/libcxx-16.0.6-h4653b0c_0.conda#9d7d724faf0413bf1dbc5a85935700c8
https://conda.anaconda.org/conda-forge/osx-arm64/libev-4.33-h642e427_1.tar.bz2#566dbf70fe79eacdb3c3d3d195a27f55
https://conda.anaconda.org/conda-forge/osx-arm64/libffi-3.4.2-h3422bc3_5.tar.bz2#086914b672be056eb70fd4285b6783b6
https://conda.anaconda.org/conda-forge/noarch/libgfortran-devel_osx-arm64-12.3.0-hc62be1c_1.conda#83f84bb2f0f059f0faafbd5ba1a43e2b
https://conda.anaconda.org/conda-forge/osx-arm64/libiconv-1.17-he4db4b2_0.tar.bz2#686f9c755574aa221f29fbcf36a67265
https://conda.anaconda.org/conda-forge/osx-arm64/libutf8proc-2.8.0-h1a8c8d9_0.tar.bz2#f8c9c41a122ab3abdf8943b13f4957ee
https://conda.anaconda.org/conda-forge/osx-arm64/libzlib-1.2.13-h53f4e23_5.conda#1a47f5236db2e06a320ffa0392f81bd8
https://conda.anaconda.org/conda-forge/osx-arm64/llvm-openmp-16.0.6-h1c12783_0.conda#52e5730888439f7f55fd4f83905581b4
https://conda.anaconda.org/conda-forge/osx-arm64/ncurses-6.4-h7ea286d_0.conda#318337fb9d0c53ba635efb7888242373
https://conda.anaconda.org/conda-forge/osx-arm64/python_abi-3.9-4_cp39.conda#be9e11a37bbab9cfdbcb36e52d8d73cb
https://conda.anaconda.org/conda-forge/noarch/tzdata-2023c-h71feb2d_0.conda#939e3e74d8be4dac89ce83b20de2492a
https://conda.anaconda.org/conda-forge/osx-arm64/xz-5.2.6-h57fd34a_0.tar.bz2#39c6b54e94014701dd157f4f576ed211
https://conda.anaconda.org/conda-forge/osx-arm64/aws-c-compression-0.2.17-h31a6291_1.conda#1498d4ee790b59b455b2e6f7f3cd199b
https://conda.anaconda.org/conda-forge/osx-arm64/aws-c-sdkutils-0.1.11-h31a6291_1.conda#f5e4ad258325e2cd3d1d63eb0ccf3128
https://conda.anaconda.org/conda-forge/osx-arm64/aws-checksums-0.1.16-h31a6291_1.conda#a17f301a28e43bfa03d7c83e950b5062
https://conda.anaconda.org/conda-forge/osx-arm64/gflags-2.2.2-hc88da5d_1004.tar.bz2#aab9ddfad863e9ef81229a1f8852211b
https://conda.anaconda.org/conda-forge/osx-arm64/gmp-6.2.1-h9f76cd9_0.tar.bz2#f8140773b6ca51bf32feec9b4290a8c5
https://conda.anaconda.org/conda-forge/osx-arm64/gtest-1.14.0-h1995070_1.conda#06fcdee735ef3e60e0d53c4dccfef5ff
https://conda.anaconda.org/conda-forge/osx-arm64/isl-0.25-h9a09cb3_0.tar.bz2#b0c90b63ffeb9e2d045be8f5bc64741c
https://conda.anaconda.org/conda-forge/osx-arm64/libabseil-20230125.3-cxx17_h13dd4ca_0.conda#e9edfc273c30153b3427332e90110422
https://conda.anaconda.org/conda-forge/osx-arm64/libbrotlidec-1.0.9-h1a8c8d9_9.conda#af03c66e8cb688221bdc9e2b0faaa2bf
https://conda.anaconda.org/conda-forge/osx-arm64/libbrotlienc-1.0.9-h1a8c8d9_9.conda#8231f81e72b1113eb2ed8d2586c82691
https://conda.anaconda.org/conda-forge/osx-arm64/libcrc32c-1.1.2-hbdafb3b_0.tar.bz2#32bd82a6a625ea6ce090a81c3d34edeb
https://conda.anaconda.org/conda-forge/osx-arm64/libedit-3.1.20191231-hc8eb9b7_2.tar.bz2#30e4362988a2623e9eb34337b83e01f9
https://conda.anaconda.org/conda-forge/osx-arm64/libgfortran5-13.2.0-hf226fd6_1.conda#4480d71b98c87faafab132d33e23135e
https://conda.anaconda.org/conda-forge/osx-arm64/libsqlite-3.43.0-hb31c410_0.conda#060a9948665e56a38060a1ed3ebc553a
https://conda.anaconda.org/conda-forge/osx-arm64/libxml2-2.11.5-h25269f3_1.conda#627b5d1377536b5b632ba53cd1455555
https://conda.anaconda.org/conda-forge/osx-arm64/lz4-c-1.9.4-hb7217d7_0.conda#45505bec548634f7d05e02fb25262cb9
https://conda.anaconda.org/conda-forge/osx-arm64/openssl-3.1.3-h53f4e23_0.conda#40d01d3f39589f54b618ddd28a5a48cb
https://conda.anaconda.org/conda-forge/osx-arm64/re2-2023.03.02-hc5e2d97_0.conda#7a851c0ab05247e3246eca2c3b243b9a
https://conda.anaconda.org/conda-forge/osx-arm64/readline-8.2-h92ec313_1.conda#8cbb776a2f641b943d413b3e19df71f4
https://conda.anaconda.org/conda-forge/osx-arm64/snappy-1.1.10-h17c5cce_0.conda#ac82a611d1a67a598096ebaa857198e3
https://conda.anaconda.org/conda-forge/osx-arm64/tapi-1100.0.11-he4954df_0.tar.bz2#d83362e7d0513f35f454bc50b0ca591d
https://conda.anaconda.org/conda-forge/osx-arm64/tk-8.6.12-he1e0b03_0.tar.bz2#2cb3d18eac154109107f093860bd545f
https://conda.anaconda.org/conda-forge/osx-arm64/zlib-1.2.13-h53f4e23_5.conda#a08383f223b10b71492d27566fafbf6c
https://conda.anaconda.org/conda-forge/osx-arm64/zstd-1.5.5-h4f39d0f_0.conda#5b212cfb7f9d71d603ad891879dc7933
https://conda.anaconda.org/conda-forge/osx-arm64/aws-c-cal-0.6.0-h43a37b4_0.conda#71ae63d3c40493dfd1f6644f5bb650bb
https://conda.anaconda.org/conda-forge/osx-arm64/glog-0.6.0-h6da1cb0_0.tar.bz2#5a570729c7709399cf8511aeeda6f989
https://conda.anaconda.org/conda-forge/osx-arm64/gmock-1.14.0-hce30654_1.conda#8575d6f563a7147195fd2636d8222f02
https://conda.anaconda.org/conda-forge/osx-arm64/krb5-1.21.2-h92f50d5_0.conda#92f1cff174a538e0722bf2efb16fc0b2
https://conda.anaconda.org/conda-forge/osx-arm64/libevent-2.1.12-h2757513_1.conda#1a109764bff3bdc7bdd84088347d71dc
https://conda.anaconda.org/conda-forge/osx-arm64/libgfortran-5.0.0-13_2_0_hd922786_1.conda#1ad37a5c60c250bb2b4a9f75563e181c
https://conda.anaconda.org/conda-forge/osx-arm64/libllvm15-15.0.7-h504e6bf_3.conda#cef4a00532f06f6797fbe2425d4db2a7
https://conda.anaconda.org/conda-forge/osx-arm64/libnghttp2-1.52.0-hae82a92_0.conda#1d319e95a0216f801293626a00337712
https://conda.anaconda.org/conda-forge/osx-arm64/libprotobuf-4.23.2-hf32f9b9_5.conda#c7eb4282a33541f393e168a63e0a0c3c
https://conda.anaconda.org/conda-forge/osx-arm64/libssh2-1.11.0-h7a5bd25_0.conda#029f7dc931a3b626b94823bc77830b01
https://conda.anaconda.org/conda-forge/osx-arm64/mpfr-4.2.0-he09a6ba_0.conda#6ec2fb83ce146e5bc944020027d6c9e4
https://conda.anaconda.org/conda-forge/osx-arm64/python-3.9.18-hfa1ae8a_0_cpython.conda#7672472bbab6419a1211403e7c041116
https://conda.anaconda.org/conda-forge/osx-arm64/sigtool-0.1.3-h44b9a77_0.tar.bz2#4a2cac04f86a4540b8c9b8d8f597848f
https://conda.anaconda.org/conda-forge/noarch/alabaster-0.7.13-pyhd8ed1ab_0.conda#06006184e203b61d3525f90de394471e
https://conda.anaconda.org/conda-forge/osx-arm64/aws-c-io-0.13.27-hf096fb3_0.conda#16605b66d891e1de35e6ea8fcbe9cd20
https://conda.anaconda.org/conda-forge/osx-arm64/brotli-python-1.0.9-py39h23fbdae_9.conda#ef4c58e8f1811e0730accf3f425e2e5f
https://conda.anaconda.org/conda-forge/noarch/certifi-2023.7.22-pyhd8ed1ab_0.conda#7f3dbc9179b4dde7da98dfb151d0ad22
https://conda.anaconda.org/conda-forge/noarch/charset-normalizer-3.2.0-pyhd8ed1ab_0.conda#313516e9a4b08b12dfb1e1cd390a96e3
https://conda.anaconda.org/conda-forge/noarch/colorama-0.4.6-pyhd8ed1ab_0.tar.bz2#3faab06a954c2a04039983f2c4a50d99
https://conda.anaconda.org/conda-forge/osx-arm64/docutils-0.20.1-py39h2804cbe_1.conda#ba0d0e4c08111c3e9263dab65b061ef3
https://conda.anaconda.org/conda-forge/noarch/idna-3.4-pyhd8ed1ab_0.tar.bz2#34272b248891bddccc64479f9a7fffed
https://conda.anaconda.org/conda-forge/noarch/imagesize-1.4.1-pyhd8ed1ab_0.tar.bz2#7de5386c8fea29e76b303f37dde4c352
https://conda.anaconda.org/conda-forge/osx-arm64/ld64_osx-arm64-609-hc4dc95b_14.conda#1d41ae30b0c077ef3feab2f2e27bd593
https://conda.anaconda.org/conda-forge/osx-arm64/libclang-cpp15-15.0.7-default_h5dc8d65_3.conda#99c37593de0f76769f089218e493f083
https://conda.anaconda.org/conda-forge/osx-arm64/libclang13-15.0.7-default_hc7183e1_3.conda#3d011fbc2c7d55b4d6716a9b26da1185
https://conda.anaconda.org/conda-forge/osx-arm64/libcurl-8.3.0-hc52a3a8_0.conda#f7cd06ec16f40bf40c565977c363d1fd
https://conda.anaconda.org/conda-forge/osx-arm64/libgrpc-1.55.1-hc384137_1.conda#03d7eea2d195cb77057c9652f939aa86
https://conda.anaconda.org/conda-forge/osx-arm64/libopenblas-0.3.24-openmp_hd76b1f2_0.conda#aacb05989f358affe1bafd4ea7294db4
https://conda.anaconda.org/conda-forge/osx-arm64/libthrift-0.18.1-ha061701_2.conda#c1a4bb91d705cc903de58a95aa35ab5b
https://conda.anaconda.org/conda-forge/osx-arm64/llvm-tools-15.0.7-h504e6bf_3.conda#56a351b4eba7ce574fa2702770e74252
https://conda.anaconda.org/conda-forge/osx-arm64/markupsafe-2.1.3-py39h0f82c59_0.conda#68764c224cb1c47b13f944f3e08a24c3
https://conda.anaconda.org/conda-forge/osx-arm64/mpc-1.3.1-h91ba8db_0.conda#362af269d860ae49580f8f032a68b0df
https://conda.anaconda.org/conda-forge/osx-arm64/orc-1.8.4-h13b7ede_0.conda#b70ab5dec9bc34dcab87bfd1c97b2a2b
https://conda.anaconda.org/conda-forge/noarch/packaging-23.1-pyhd8ed1ab_0.conda#91cda59e66e1e4afe9476f8ef98f5c30
https://conda.anaconda.org/conda-forge/noarch/pygments-2.16.1-pyhd8ed1ab_0.conda#40e5cb18165466773619e5c963f00a7b
https://conda.anaconda.org/conda-forge/noarch/pysocks-1.7.1-pyha2e5f31_6.tar.bz2#2a7de29fb590ca14b5243c4c812c8025
https://conda.anaconda.org/conda-forge/noarch/pytz-2023.3.post1-pyhd8ed1ab_0.conda#c93346b446cd08c169d843ae5fc0da97
https://conda.anaconda.org/conda-forge/noarch/snowballstemmer-2.2.0-pyhd8ed1ab_0.tar.bz2#4d22a9315e78c6827f806065957d566e
https://conda.anaconda.org/conda-forge/noarch/sphinxcontrib-jsmath-1.0.1-pyhd8ed1ab_0.conda#da1d979339e2714c30a8e806a33ec087
https://conda.anaconda.org/conda-forge/noarch/zipp-3.17.0-pyhd8ed1ab_0.conda#2e4d6bc0b14e10f895fc6791a7d9b26a
https://conda.anaconda.org/conda-forge/osx-arm64/aws-c-event-stream-0.3.1-h537fd75_0.conda#44aa56ba1f1eacabf4b494133b0bcdcb
https://conda.anaconda.org/conda-forge/osx-arm64/aws-c-http-0.7.10-h5019b2f_2.conda#cc1f736e9df6865cbe227c22b3713c33
https://conda.anaconda.org/conda-forge/noarch/babel-2.12.1-pyhd8ed1ab_1.conda#ac432e732804a81ddcf29c92ead57cde
https://conda.anaconda.org/conda-forge/osx-arm64/cctools_osx-arm64-973.0.1-h2a25c60_14.conda#09f973985e770a7fbbca9a299af51a8b
https://conda.anaconda.org/conda-forge/osx-arm64/clang-15-15.0.7-default_h5dc8d65_3.conda#3b214c8a23030d3a04389cbcd4bb84e4
https://conda.anaconda.org/conda-forge/osx-arm64/clang-format-15-15.0.7-default_h5dc8d65_3.conda#037fa18a2b6befdc1be50237a07b7827
https://conda.anaconda.org/conda-forge/osx-arm64/gfortran_impl_osx-arm64-12.3.0-hbbb9e1e_1.conda#21ac0fb1a74b1edd0b53d0508f418723
https://conda.anaconda.org/conda-forge/noarch/importlib-metadata-6.8.0-pyha770c72_0.conda#4e9f59a060c3be52bc4ddc46ee9b6946
https://conda.anaconda.org/conda-forge/noarch/jinja2-3.1.2-pyhd8ed1ab_1.tar.bz2#c8490ed5c70966d232fdd389d0dbed37
https://conda.anaconda.org/conda-forge/osx-arm64/ld64-609-h89fa09d_14.conda#5d2c82c220addd4630baaa7118a301d3
https://conda.anaconda.org/conda-forge/osx-arm64/libblas-3.9.0-18_osxarm64_openblas.conda#928d0c0b57e342a8629f5f5e001ee0d0
https://conda.anaconda.org/conda-forge/osx-arm64/libclang-15.0.7-default_h5dc8d65_3.conda#c89d217a6315d89044ed531292678456
https://conda.anaconda.org/conda-forge/osx-arm64/libgoogle-cloud-2.12.0-h5263b79_0.conda#75fc0a5e7a410520474b48b2bda25472
https://conda.anaconda.org/conda-forge/noarch/urllib3-2.0.5-pyhd8ed1ab_0.conda#3bda70bbeb2920f44db5375af2e5fe38
https://conda.anaconda.org/conda-forge/osx-arm64/aws-c-auth-0.7.0-h60b404a_0.conda#f031427795320cc7cb9beef56a13a671
https://conda.anaconda.org/conda-forge/osx-arm64/aws-c-mqtt-0.8.13-hb92fe9a_5.conda#dc262a22eb5c4a0367c02c16093cb565
https://conda.anaconda.org/conda-forge/osx-arm64/cctools-973.0.1-hd1ac623_14.conda#46c0f28ac1c5f417f46e028212f72f91
https://conda.anaconda.org/conda-forge/osx-arm64/clang-15.0.7-hce30654_3.conda#0871ba77c4bec31504b371a4f2525a7b
https://conda.anaconda.org/conda-forge/osx-arm64/clang-format-15.0.7-default_h5dc8d65_3.conda#c5238e0f10ad14fd48a282bdda50e164
https://conda.anaconda.org/conda-forge/osx-arm64/libcblas-3.9.0-18_osxarm64_openblas.conda#ee0108105d7181f1c6f8c4269883ff3b
https://conda.anaconda.org/conda-forge/osx-arm64/liblapack-3.9.0-18_osxarm64_openblas.conda#92cd5c16ed732ac6c439145aa21ec7c5
https://conda.anaconda.org/conda-forge/noarch/requests-2.31.0-pyhd8ed1ab_0.conda#a30144e4156cdbb236f99ebb49828f8b
https://conda.anaconda.org/conda-forge/osx-arm64/aws-c-s3-0.3.12-h1680e5f_2.conda#49fdbf7c6f654f3d70419fc4a2df4cfe
https://conda.anaconda.org/conda-forge/osx-arm64/clang-tools-15.0.7-default_h5dc8d65_3.conda#ab94653a176bda40d45bb6406f0bcff1
https://conda.anaconda.org/conda-forge/osx-arm64/clangxx-15.0.7-default_h610c423_3.conda#1919a441b26f5cd1181870be6b4ce31a
https://conda.anaconda.org/conda-forge/osx-arm64/numpy-1.26.0-py39h485cf63_0.conda#c73f87c7eb37ba0511fee20eec300cb1
https://conda.anaconda.org/conda-forge/osx-arm64/aws-crt-cpp-0.20.2-h95ecd1a_18.conda#44a3657263114f3a900b6cfc06c4a54c
https://conda.anaconda.org/conda-forge/noarch/compiler-rt_osx-arm64-15.0.7-hf8d1dfb_1.conda#0722cbdc69a52c82acc4e265913a21cd
https://conda.anaconda.org/conda-forge/osx-arm64/aws-sdk-cpp-1.10.57-h090cfb9_16.conda#f0c5e89c858f17bc961492b8d7ababd5
https://conda.anaconda.org/conda-forge/osx-arm64/compiler-rt-15.0.7-hf8d1dfb_1.conda#355703f3e33fd12037800d28680845cb
https://conda.anaconda.org/conda-forge/osx-arm64/clang_osx-arm64-15.0.7-h77e971b_3.conda#4799cb60f8ff17edaf3574b28681d2a0
https://conda.anaconda.org/conda-forge/osx-arm64/libarrow-12.0.0-heca9b86_9_cpu.conda#362a71946291ee660b665042d4dcef7b
https://conda.anaconda.org/conda-forge/osx-arm64/arrow-cpp-12.0.0-hecb7464_9_cpu.conda#f4a9309d84efad23ff0007dfbd574d73
https://conda.anaconda.org/conda-forge/osx-arm64/c-compiler-1.6.0-hd291e01_0.conda#7d58fb216ad601b545826449d8d4c34e
https://conda.anaconda.org/conda-forge/osx-arm64/clangxx_osx-arm64-15.0.7-h768a7fd_3.conda#16e11574eeb3cfa3da194692da449aeb
https://conda.anaconda.org/conda-forge/osx-arm64/gfortran_osx-arm64-12.3.0-h57527a5_1.conda#7d8ce258d478b7dbcc2728168a6959a1
https://conda.anaconda.org/conda-forge/osx-arm64/pyarrow-12.0.0-py39hf40061a_9_cpu.conda#2918200a500b6f48eb4d7608a84823b7
https://conda.anaconda.org/conda-forge/osx-arm64/cxx-compiler-1.6.0-h1995070_0.conda#35c1be0a08578238276ca9417fc1615c
https://conda.anaconda.org/conda-forge/osx-arm64/gfortran-12.3.0-h1ca8e4b_1.conda#158beb35b98f5bd8e74ffe9f3af1cb29
https://conda.anaconda.org/conda-forge/osx-arm64/fortran-compiler-1.6.0-h5a50232_0.conda#acf45cbd8bb968abe2e1476536d565c9
https://conda.anaconda.org/conda-forge/osx-arm64/compilers-1.6.0-hce30654_0.conda#63282d3d857557088735f66775f44083
https://conda.anaconda.org/conda-forge/noarch/sphinxcontrib-applehelp-1.0.7-pyhd8ed1ab_0.conda#aebfabcb60c33a89c1f9290cab49bc93
https://conda.anaconda.org/conda-forge/noarch/sphinxcontrib-devhelp-1.0.5-pyhd8ed1ab_0.conda#ebf08f5184d8eaa486697bc060031953
https://conda.anaconda.org/conda-forge/noarch/sphinxcontrib-htmlhelp-2.0.4-pyhd8ed1ab_0.conda#a9a89000dfd19656ad004b937eeb6828
https://conda.anaconda.org/conda-forge/noarch/sphinxcontrib-qthelp-1.0.6-pyhd8ed1ab_0.conda#cf5c9649272c677a964a7313279e3a9b
https://conda.anaconda.org/conda-forge/noarch/sphinx-7.2.6-pyhd8ed1ab_0.conda#bbfd1120d1824d2d073bc65935f0e4c0
https://conda.anaconda.org/conda-forge/noarch/sphinxcontrib-serializinghtml-1.1.9-pyhd8ed1ab_0.conda#0612e497d7860728f2cda421ea2aec09
