# Generated by conda-lock.
# platform: osx-arm64
# input_hash: e33f6b7dda21f5540c0300fe1641d2d63038c1ca9c9df8ef538126a822d1291e
@EXPLICIT
https://conda.anaconda.org/conda-forge/osx-arm64/aws-c-common-0.6.2-h3422bc3_0.tar.bz2#e6c0dfc1c6e34241720983abb66ec35e
https://conda.anaconda.org/conda-forge/osx-arm64/bzip2-1.0.8-h3422bc3_4.tar.bz2#fc76ace7b94fb1f694988ab1b14dd248
https://conda.anaconda.org/conda-forge/osx-arm64/c-ares-1.18.1-h3422bc3_0.tar.bz2#5dd04dad345af4f1e8f3f0d5afc03b67
https://conda.anaconda.org/conda-forge/osx-arm64/ca-certificates-2021.10.8-h4653dfc_0.tar.bz2#d68f418ab2f7a46948ccb4053636f913
https://conda.anaconda.org/conda-forge/osx-arm64/libbrotlicommon-1.0.9-h3422bc3_6.tar.bz2#b3eda06c8994f20d829fbe89ccc4b0b1
https://conda.anaconda.org/conda-forge/osx-arm64/libcxx-12.0.1-h168391b_1.tar.bz2#ff81bd5236632ba2e0100ce806144aa8
https://conda.anaconda.org/conda-forge/osx-arm64/libev-4.33-h642e427_1.tar.bz2#566dbf70fe79eacdb3c3d3d195a27f55
https://conda.anaconda.org/conda-forge/osx-arm64/libffi-3.4.2-h3422bc3_5.tar.bz2#086914b672be056eb70fd4285b6783b6
https://conda.anaconda.org/conda-forge/noarch/libgfortran-devel_osx-arm64-11.0.1.dev0-hf114ba7_23.tar.bz2#b7f6c1195d33e702ecd20ce2b66267ae
https://conda.anaconda.org/conda-forge/osx-arm64/libiconv-1.16-h642e427_0.tar.bz2#981f3119b0c5d73282401ee66c14ea04
https://conda.anaconda.org/conda-forge/osx-arm64/libutf8proc-2.7.0-h3422bc3_0.tar.bz2#ab92457cc1b6c0a2643c08c7a4e501fc
https://conda.anaconda.org/conda-forge/osx-arm64/libzlib-1.2.11-hee7b306_1013.tar.bz2#fe3c74ef0fe456a4011468f860b0c3dc
https://conda.anaconda.org/conda-forge/osx-arm64/llvm-openmp-13.0.1-hf3c4609_0.tar.bz2#22cdcc2eed7e54579ff650be9c4d4d0c
https://conda.anaconda.org/conda-forge/osx-arm64/ncurses-6.3-hc470f4d_0.tar.bz2#6b5b4e8e22d02a9f30fc4c703d2a69f6
https://conda.anaconda.org/conda-forge/noarch/tzdata-2021e-he74cb21_0.tar.bz2#a751ec502589ebdc2eceb183ff602569
https://conda.anaconda.org/conda-forge/osx-arm64/xz-5.2.5-h642e427_1.tar.bz2#9ab2316785cb81c464ab9a99512dae71
https://conda.anaconda.org/conda-forge/osx-arm64/abseil-cpp-20210324.2-hbdafb3b_0.tar.bz2#3b1e49c303751215e83babb0f980be3e
https://conda.anaconda.org/conda-forge/osx-arm64/aws-checksums-0.1.11-h487e1a8_7.tar.bz2#edf91bd9464b05ca9d29be2a730b9468
https://conda.anaconda.org/conda-forge/osx-arm64/gflags-2.2.2-hc88da5d_1004.tar.bz2#aab9ddfad863e9ef81229a1f8852211b
https://conda.anaconda.org/conda-forge/osx-arm64/gmp-6.2.1-h9f76cd9_0.tar.bz2#f8140773b6ca51bf32feec9b4290a8c5
https://conda.anaconda.org/conda-forge/osx-arm64/gtest-1.10.0-h260d524_7.tar.bz2#6cf52e5b6e93ee084121e152c46eb858
https://conda.anaconda.org/conda-forge/osx-arm64/isl-0.22.1-hb904e53_2.tar.bz2#04fe6ad5c7dfbec3b8956aca167940fc
https://conda.anaconda.org/conda-forge/osx-arm64/libbrotlidec-1.0.9-h3422bc3_6.tar.bz2#5ee99175123dcd24b3857bf467f1044f
https://conda.anaconda.org/conda-forge/osx-arm64/libbrotlienc-1.0.9-h3422bc3_6.tar.bz2#be28e048477fc17a4b59a66f4f4418a7
https://conda.anaconda.org/conda-forge/osx-arm64/libcrc32c-1.1.2-hbdafb3b_0.tar.bz2#32bd82a6a625ea6ce090a81c3d34edeb
https://conda.anaconda.org/conda-forge/osx-arm64/libedit-3.1.20191231-hc8eb9b7_2.tar.bz2#30e4362988a2623e9eb34337b83e01f9
https://conda.anaconda.org/conda-forge/osx-arm64/libgfortran5-11.0.1.dev0-hf114ba7_23.tar.bz2#402c05211a9c339c71a1e82ac8b7ad81
https://conda.anaconda.org/conda-forge/osx-arm64/lz4-c-1.9.3-hbdafb3b_1.tar.bz2#074b9beb2e563515c0dd46229b18d521
https://conda.anaconda.org/conda-forge/osx-arm64/openssl-1.1.1l-h3422bc3_0.tar.bz2#0b3c59333ff2693e8de50b6f679bd3cd
https://conda.anaconda.org/conda-forge/osx-arm64/re2-2022.02.01-hbdafb3b_0.tar.bz2#54e29e68123d2ace54d11a0412305967
https://conda.anaconda.org/conda-forge/osx-arm64/readline-8.1-hedafd6a_0.tar.bz2#3ab98d5fd433cd392a1b0781391a9e38
https://conda.anaconda.org/conda-forge/osx-arm64/snappy-1.1.8-hc88da5d_3.tar.bz2#135a8eea821d611227a52a0a1b7c52e9
https://conda.anaconda.org/conda-forge/osx-arm64/tapi-1100.0.11-he4954df_0.tar.bz2#d83362e7d0513f35f454bc50b0ca591d
https://conda.anaconda.org/conda-forge/osx-arm64/tk-8.6.12-he1e0b03_0.tar.bz2#2cb3d18eac154109107f093860bd545f
https://conda.anaconda.org/conda-forge/osx-arm64/zlib-1.2.11-hee7b306_1013.tar.bz2#0b65c3db409dd06257dd879605eddb45
https://conda.anaconda.org/conda-forge/osx-arm64/aws-c-cal-0.5.11-h4530763_0.tar.bz2#ce11646fafb17267c81d929ca42cdb5c
https://conda.anaconda.org/conda-forge/osx-arm64/glog-0.5.0-h5c6a83d_0.tar.bz2#1d553ce42ca7852d459e851a5ae3d4d4
https://conda.anaconda.org/conda-forge/osx-arm64/gmock-1.10.0-h260d524_7.tar.bz2#9cc502d00d51801270531e3021f4bdab
https://conda.anaconda.org/conda-forge/osx-arm64/krb5-1.19.2-hd92b7a7_3.tar.bz2#833b40d09291292d3d6649535aa56b9c
https://conda.anaconda.org/conda-forge/osx-arm64/libevent-2.1.10-hbae9a57_4.tar.bz2#a1f2aca3c5999a24527d6f8a3a8e9320
https://conda.anaconda.org/conda-forge/osx-arm64/libgfortran-5.0.0.dev0-11_0_1_hf114ba7_23.tar.bz2#75f6bd23c894fbb8d353c75edb7041d6
https://conda.anaconda.org/conda-forge/osx-arm64/libllvm12-12.0.1-h93073aa_2.tar.bz2#a07550ba127f427126b336199adbaf06
https://conda.anaconda.org/conda-forge/osx-arm64/libnghttp2-1.47.0-he723fca_0.tar.bz2#961b2f1f6307a6bd85aa32cbfa3a6218
https://conda.anaconda.org/conda-forge/osx-arm64/libprotobuf-3.19.4-hccf11d3_0.tar.bz2#a89d03f004d294a1d8644189009b7e77
https://conda.anaconda.org/conda-forge/osx-arm64/libssh2-1.10.0-hb80f160_2.tar.bz2#0c349d0f6965a927b5b57dedbb0a650b
https://conda.anaconda.org/conda-forge/osx-arm64/mpfr-4.1.0-h6d7a090_1.tar.bz2#c37f296f76cfb61d4f91613da93789e6
https://conda.anaconda.org/conda-forge/osx-arm64/sigtool-0.1.3-h7747421_0.tar.bz2#565b291dcdefa3e59830b1222800f46a
https://conda.anaconda.org/conda-forge/osx-arm64/sqlite-3.37.0-h72a2b83_0.tar.bz2#f74a80bbaeb1ba21140af97042e9192c
https://conda.anaconda.org/conda-forge/osx-arm64/zstd-1.5.2-h861e0a7_0.tar.bz2#1ecb5634b253f1849feefe7227824e3f
https://conda.anaconda.org/conda-forge/osx-arm64/aws-c-io-0.10.5-hea86ef8_0.tar.bz2#03d1eeb5706292ae6570456b98f38dcb
https://conda.anaconda.org/conda-forge/osx-arm64/grpc-cpp-1.43.2-ha9bca3c_1.tar.bz2#ab1d05b7e8c8faa12d941e4452156627
https://conda.anaconda.org/conda-forge/osx-arm64/ld64_osx-arm64-609-h7c97014_7.tar.bz2#30cba0918535606b7d98fa69db02699a
https://conda.anaconda.org/conda-forge/osx-arm64/libclang-12.0.1-default_h2cfa9b4_4.tar.bz2#16b35318caa525ddfc88cd555874eab0
https://conda.anaconda.org/conda-forge/osx-arm64/libclang-cpp12-12.0.1-default_h2cfa9b4_4.tar.bz2#52a2b7dfd3dff3793b6918a9541baa14
https://conda.anaconda.org/conda-forge/osx-arm64/libcurl-7.81.0-h8fe1914_0.tar.bz2#69a0d49c499feec90cba515d7860f6bd
https://conda.anaconda.org/conda-forge/osx-arm64/libopenblas-0.3.18-openmp_h5dd58f0_0.tar.bz2#8860a24cd05b691ea33f8c85f9981d4b
https://conda.anaconda.org/conda-forge/osx-arm64/libthrift-0.15.0-h28a9c34_1.tar.bz2#5aa405675684f579041d9d296f89cfc4
https://conda.anaconda.org/conda-forge/osx-arm64/llvm-tools-12.0.1-h93073aa_2.tar.bz2#ce91c92b08ab4de225bb69ff6ff157a5
https://conda.anaconda.org/conda-forge/osx-arm64/mpc-1.2.1-h309154c_0.tar.bz2#5673ae769869dc7df76458cca52557e2
https://conda.anaconda.org/conda-forge/osx-arm64/orc-1.7.3-hcb6706d_0.tar.bz2#1be35f7f0672449437af796f8bfccf12
https://conda.anaconda.org/conda-forge/osx-arm64/python-3.9.10-hd16f9c5_2_cpython.tar.bz2#bc3b42bea9ad6a7d230bfe9fe915786e
https://conda.anaconda.org/conda-forge/noarch/alabaster-0.7.12-py_0.tar.bz2#2489a97287f90176ecdc3ca982b4b0a0
https://conda.anaconda.org/conda-forge/osx-arm64/aws-c-event-stream-0.2.7-h9972306_13.tar.bz2#1aa327d20aec700b23809ce8c1da34cd
https://conda.anaconda.org/conda-forge/osx-arm64/cctools_osx-arm64-973.0.1-h83ffe51_7.tar.bz2#7fdf170bad9fea1dfc3d411167e1a74b
https://conda.anaconda.org/conda-forge/noarch/charset-normalizer-2.0.12-pyhd8ed1ab_0.tar.bz2#1f5b32dabae0f1893ae3283dac7f799e
https://conda.anaconda.org/conda-forge/osx-arm64/clang-12-12.0.1-default_h2cfa9b4_4.tar.bz2#9480c5fb29b7f88802268562a3d6cb88
https://conda.anaconda.org/conda-forge/osx-arm64/clang-format-12-12.0.1-default_h2cfa9b4_4.tar.bz2#90e948b77bd8b664a4aa7261fac272dd
https://conda.anaconda.org/conda-forge/noarch/colorama-0.4.4-pyh9f0ad1d_0.tar.bz2#c08b4c1326b880ed44f3ffb04803332f
https://conda.anaconda.org/conda-forge/osx-arm64/gfortran_impl_osx-arm64-11.0.1.dev0-hbce66ab_23.tar.bz2#885d39e5dac9071a6b286968debd6cdf
https://conda.anaconda.org/conda-forge/noarch/idna-3.3-pyhd8ed1ab_0.tar.bz2#40b50b8b030f5f2f22085c062ed013dd
https://conda.anaconda.org/conda-forge/noarch/imagesize-1.3.0-pyhd8ed1ab_0.tar.bz2#be807e7606fff9436e5e700f6bffb7c6
https://conda.anaconda.org/conda-forge/osx-arm64/ld64-609-h08716b2_7.tar.bz2#db54fd6424e004687fcb01c92bec3289
https://conda.anaconda.org/conda-forge/osx-arm64/libblas-3.9.0-13_osxarm64_openblas.tar.bz2#cfe4c943d79f32e927f859de87fb03f1
https://conda.anaconda.org/conda-forge/osx-arm64/libgoogle-cloud-1.35.0-h2b0db34_2.tar.bz2#5bfd9fa64778bebb079fd0abc2cc588c
https://conda.anaconda.org/conda-forge/noarch/pycparser-2.21-pyhd8ed1ab_0.tar.bz2#076becd9e05608f8dc72757d5f3a91ff
https://conda.anaconda.org/conda-forge/noarch/pyparsing-3.0.7-pyhd8ed1ab_0.tar.bz2#727e2216d9c47455d8ddc060eb2caad9
https://conda.anaconda.org/conda-forge/osx-arm64/python_abi-3.9-2_cp39.tar.bz2#ba3082b5441b482d5cfe328d4e7ba0bf
https://conda.anaconda.org/conda-forge/noarch/pytz-2021.3-pyhd8ed1ab_0.tar.bz2#7e4f811bff46a5a6a7e0094921389395
https://conda.anaconda.org/conda-forge/noarch/snowballstemmer-2.2.0-pyhd8ed1ab_0.tar.bz2#4d22a9315e78c6827f806065957d566e
https://conda.anaconda.org/conda-forge/noarch/sphinxcontrib-applehelp-1.0.2-py_0.tar.bz2#20b2eaeaeea4ef9a9a0d99770620fd09
https://conda.anaconda.org/conda-forge/noarch/sphinxcontrib-devhelp-1.0.2-py_0.tar.bz2#68e01cac9d38d0e717cd5c87bc3d2cc9
https://conda.anaconda.org/conda-forge/noarch/sphinxcontrib-htmlhelp-2.0.0-pyhd8ed1ab_0.tar.bz2#77dad82eb9c8c1525ff7953e0756d708
https://conda.anaconda.org/conda-forge/noarch/sphinxcontrib-jsmath-1.0.1-py_0.tar.bz2#67cd9d9c0382d37479b4d306c369a2d4
https://conda.anaconda.org/conda-forge/noarch/sphinxcontrib-qthelp-1.0.3-py_0.tar.bz2#d01180388e6d1838c3e1ad029590aa7a
https://conda.anaconda.org/conda-forge/noarch/zipp-3.7.0-pyhd8ed1ab_1.tar.bz2#b689b2cbc8481b224777415e1a193170
https://conda.anaconda.org/conda-forge/osx-arm64/aws-sdk-cpp-1.8.186-hb86bbe7_3.tar.bz2#5443878eb1d419ea51036c3d0e42bbed
https://conda.anaconda.org/conda-forge/noarch/babel-2.9.1-pyh44b312d_0.tar.bz2#74136ed39bfea0832d338df1e58d013e
https://conda.anaconda.org/conda-forge/osx-arm64/cctools-973.0.1-ha9384d2_7.tar.bz2#06671bfcd54daef34a1f0488eacc43f2
https://conda.anaconda.org/conda-forge/osx-arm64/certifi-2021.10.8-py39h2804cbe_1.tar.bz2#fb53ec8c7ae669a5388856ffe7c12a00
https://conda.anaconda.org/conda-forge/osx-arm64/cffi-1.15.0-py39h52b1de0_0.tar.bz2#3333a407ad0bb89fb85954579c76b88f
https://conda.anaconda.org/conda-forge/osx-arm64/clang-12.0.1-hce30654_4.tar.bz2#6a387333b994cb96ffe4604afd658d43
https://conda.anaconda.org/conda-forge/osx-arm64/clang-format-12.0.1-default_h2cfa9b4_4.tar.bz2#1d018683f1bd018af47dbc7a8b02e970
https://conda.anaconda.org/conda-forge/osx-arm64/docutils-0.17.1-py39h2804cbe_1.tar.bz2#11d85bd8f6e9c634a71276ceb70490a2
https://conda.anaconda.org/conda-forge/osx-arm64/importlib-metadata-4.11.1-py39h2804cbe_0.tar.bz2#09ab5c9ed2087ae8baf13176a07e7a22
https://conda.anaconda.org/conda-forge/osx-arm64/libcblas-3.9.0-13_osxarm64_openblas.tar.bz2#edf690edcb07d6a02fc12c9f31c2dd94
https://conda.anaconda.org/conda-forge/osx-arm64/liblapack-3.9.0-13_osxarm64_openblas.tar.bz2#a362cd24e842692a7fcacee3788f4af9
https://conda.anaconda.org/conda-forge/osx-arm64/markupsafe-2.1.0-py39hb18efdd_0.tar.bz2#d7a254e80e6defbe29d7b0bb3bfc78a1
https://conda.anaconda.org/conda-forge/noarch/packaging-21.3-pyhd8ed1ab_0.tar.bz2#71f1ab2de48613876becddd496371c85
https://conda.anaconda.org/conda-forge/osx-arm64/pysocks-1.7.1-py39h2804cbe_4.tar.bz2#770a25ef670b5154e54c854f561d667d
https://conda.anaconda.org/conda-forge/osx-arm64/setuptools-60.9.3-py39h2804cbe_0.tar.bz2#84373bb6755d513fcb98531dbb8cce82
https://conda.anaconda.org/conda-forge/osx-arm64/brotlipy-0.7.0-py39h5161555_1003.tar.bz2#851dacb18129066f316a417ffc236748
https://conda.anaconda.org/conda-forge/osx-arm64/clang-tools-12.0.1-default_h2cfa9b4_4.tar.bz2#aafc2c5adf026a97529ff8a8af9b026a
https://conda.anaconda.org/conda-forge/osx-arm64/clangxx-12.0.1-default_hf584372_4.tar.bz2#179e1cf5987abc9b70b27055371f30dd
https://conda.anaconda.org/conda-forge/osx-arm64/cryptography-36.0.1-py39hfb8cd70_0.tar.bz2#95d6a9b811c3876e6e5a78c4dbe5cc4e
https://conda.anaconda.org/conda-forge/noarch/jinja2-3.0.3-pyhd8ed1ab_0.tar.bz2#036d872c653780cb26e797e2e2f61b4c
https://conda.anaconda.org/conda-forge/osx-arm64/numpy-1.22.2-py39h61a45d2_0.tar.bz2#4aa1a915c27a80a9252f9646f39c5b1a
https://conda.anaconda.org/conda-forge/noarch/pygments-2.11.2-pyhd8ed1ab_0.tar.bz2#caef60540e2239e27bf62569a5015e3b
https://conda.anaconda.org/conda-forge/osx-arm64/arrow-cpp-7.0.0-py39h763d086_2_cpu.tar.bz2#eacce293f5663c1c23766ac5bcd96abb
https://conda.anaconda.org/conda-forge/noarch/compiler-rt_osx-arm64-12.0.1-h44bac85_0.tar.bz2#e10298d4d84d9bc894b91987752670cd
https://conda.anaconda.org/conda-forge/noarch/pyopenssl-22.0.0-pyhd8ed1ab_0.tar.bz2#1d7e241dfaf5475e893d4b824bb71b44
https://conda.anaconda.org/conda-forge/osx-arm64/compiler-rt-12.0.1-h94c6b0c_0.tar.bz2#ffc6c0a11f638971e5fe814f6cbfedbb
https://conda.anaconda.org/conda-forge/noarch/parquet-cpp-1.5.1-2.tar.bz2#79a5f78c42817594ae016a7896521a97
https://conda.anaconda.org/conda-forge/noarch/urllib3-1.26.8-pyhd8ed1ab_1.tar.bz2#53f1387c68c21cecb386e2cde51b3f7c
https://conda.anaconda.org/conda-forge/osx-arm64/clang_osx-arm64-12.0.1-hc0c6576_6.tar.bz2#9a9477bdffd5459156bca3c1b446c945
https://conda.anaconda.org/conda-forge/osx-arm64/pyarrow-7.0.0-py39hd3b58d7_2_cpu.tar.bz2#02f686435b43d0dcecf8de41b4b4af76
https://conda.anaconda.org/conda-forge/noarch/requests-2.27.1-pyhd8ed1ab_0.tar.bz2#7c1c427246b057b8fa97200ecdb2ed62
https://conda.anaconda.org/conda-forge/osx-arm64/c-compiler-1.4.0-hccd94f0_0.tar.bz2#156fbc93ed14783e586dbf6c5ae1b7e2
https://conda.anaconda.org/conda-forge/osx-arm64/clangxx_osx-arm64-12.0.1-hc2331a0_6.tar.bz2#4d04ee83880d970b984285e894319d0e
https://conda.anaconda.org/conda-forge/osx-arm64/gfortran_osx-arm64-11.0.1.dev0-h57527a5_15.tar.bz2#90e072be00b31296db1f42bf24da2e3e
https://conda.anaconda.org/conda-forge/osx-arm64/cxx-compiler-1.4.0-h3e96240_0.tar.bz2#0566b5c9bad07a5a53e6f018304dc6cb
https://conda.anaconda.org/conda-forge/osx-arm64/gfortran-11.0.1.dev0-h40eb566_15.tar.bz2#ce046dbc7de8c17e0c19ef48f81d9a81
https://conda.anaconda.org/conda-forge/osx-arm64/fortran-compiler-1.4.0-haab47bd_0.tar.bz2#3adead5d2e6add926607b1683ef827bb
https://conda.anaconda.org/conda-forge/osx-arm64/compilers-1.4.0-hce30654_0.tar.bz2#aa120175683d97126e9ba009366b6f91
https://conda.anaconda.org/conda-forge/noarch/sphinx-4.4.0-pyh6c4a22f_1.tar.bz2#a9025d14c2a609e0d895ad3e75b5369c
https://conda.anaconda.org/conda-forge/noarch/sphinxcontrib-serializinghtml-1.1.5-pyhd8ed1ab_1.tar.bz2#63d2f874f990fdcab47c822b608d6ade
