# Generated by conda-lock.
# platform: linux-aarch64
# input_hash: 340b80dd7fc2793e0ae2d41dfa748c602313c8c77d54247ad6217ad4810258db
@EXPLICIT
https://conda.anaconda.org/conda-forge/noarch/_sysroot_linux-aarch64_curr_repodata_hack-4-h57d6b7b_13.conda#56cba32729a63e97bfb1ef958940ff07
https://conda.anaconda.org/conda-forge/linux-aarch64/ca-certificates-2023.11.17-hcefe29a_0.conda#695a28440b58e3ba920bcac4ac7c73c6
https://conda.anaconda.org/conda-forge/noarch/kernel-headers_linux-aarch64-4.18.0-h5b4a56d_13.tar.bz2#a9385e5b11a076c40d75915986f498d7
https://conda.anaconda.org/conda-forge/linux-aarch64/ld_impl_linux-aarch64-2.40-h2d8c526_0.conda#16246d69e945d0b1969a6099e7c5d457
https://conda.anaconda.org/conda-forge/noarch/libgcc-devel_linux-aarch64-12.3.0-h8b5ab12_104.conda#8c098cee3bd835880860b24323a168d3
https://conda.anaconda.org/conda-forge/linux-aarch64/libgomp-13.2.0-hf8544c7_4.conda#0cec68f3a0099a1098868372d5f134c6
https://conda.anaconda.org/conda-forge/noarch/libstdcxx-devel_linux-aarch64-12.3.0-h8b5ab12_104.conda#01d4ed92ec9d5c0e85295b09cdf9e11d
https://conda.anaconda.org/conda-forge/linux-aarch64/libstdcxx-ng-13.2.0-h9a76618_4.conda#a33044dfe2f8ea64b0f8587291bad5a2
https://conda.anaconda.org/conda-forge/linux-aarch64/python_abi-3.9-4_cp39.conda#c191905a08694e4a5cb1238e90233878
https://conda.anaconda.org/conda-forge/noarch/tzdata-2023d-h0c530f3_0.conda#8dee24b8be2d9ff81e7bd4d7d97ff1b0
https://conda.anaconda.org/conda-forge/linux-aarch64/_openmp_mutex-4.5-2_gnu.tar.bz2#6168d71addc746e8f2b8d57dfd2edcea
https://conda.anaconda.org/conda-forge/noarch/sysroot_linux-aarch64-2.17-h5b4a56d_13.conda#5493598eda29002426b4d04dcee88361
https://conda.anaconda.org/conda-forge/linux-aarch64/binutils_impl_linux-aarch64-2.40-h870a726_0.conda#1945203dbddc28b0080c5129a3a704b1
https://conda.anaconda.org/conda-forge/linux-aarch64/libgcc-ng-13.2.0-hf8544c7_4.conda#bea7d20d59d7b3ec977f6401b225dd41
https://conda.anaconda.org/conda-forge/linux-aarch64/aws-c-common-0.9.12-h31becfc_0.conda#6f917de3433c28ef387d1b2df5f6a624
https://conda.anaconda.org/conda-forge/linux-aarch64/binutils-2.40-h64c2a2e_0.conda#50083e4c6e024fcb0b0dd195204276a3
https://conda.anaconda.org/conda-forge/linux-aarch64/binutils_linux-aarch64-2.40-h94bbfa1_2.conda#1963001481680dde1bcc33e722172d14
https://conda.anaconda.org/conda-forge/linux-aarch64/bzip2-1.0.8-h31becfc_5.conda#a64e35f01e0b7a2a152eca87d33b9c87
https://conda.anaconda.org/conda-forge/linux-aarch64/c-ares-1.26.0-h31becfc_0.conda#f5094fec0d7d788152c7503140929bf2
https://conda.anaconda.org/conda-forge/linux-aarch64/gflags-2.2.2-h54f1f3f_1004.tar.bz2#f286d3464cc8d467c92e4f17990c98c1
https://conda.anaconda.org/conda-forge/linux-aarch64/gtest-1.14.0-h2a328a1_1.conda#7c747cc97fed392a5892e067a774ff20
https://conda.anaconda.org/conda-forge/linux-aarch64/icu-73.2-h787c7f5_0.conda#9d3c29d71f28452a2e843aff8cbe09d2
https://conda.anaconda.org/conda-forge/linux-aarch64/keyutils-1.6.1-h4e544f5_0.tar.bz2#1f24853e59c68892452ef94ddd8afd4b
https://conda.anaconda.org/conda-forge/linux-aarch64/libabseil-20230802.1-cxx17_h2f0025b_0.conda#d1d7afab9c131b52ffe11aed370d06cd
https://conda.anaconda.org/conda-forge/linux-aarch64/libbrotlicommon-1.1.0-h31becfc_1.conda#1b219fd801eddb7a94df5bd001053ad9
https://conda.anaconda.org/conda-forge/linux-aarch64/libcrc32c-1.1.2-h01db608_0.tar.bz2#268ee639c17ada0002fb04dd21816cc2
https://conda.anaconda.org/conda-forge/linux-aarch64/libev-4.33-h31becfc_2.conda#a9a13cb143bbaa477b1ebaefbe47a302
https://conda.anaconda.org/conda-forge/linux-aarch64/libffi-3.4.2-h3557bc0_5.tar.bz2#dddd85f4d52121fab0a8b099c5e06501
https://conda.anaconda.org/conda-forge/linux-aarch64/libgfortran5-13.2.0-h582850c_4.conda#e63b74d7ce32fa8fe18caa1d86b32138
https://conda.anaconda.org/conda-forge/linux-aarch64/libiconv-1.17-h31becfc_2.conda#9a8eb13f14de7d761555a98712e6df65
https://conda.anaconda.org/conda-forge/linux-aarch64/libnsl-2.0.1-h31becfc_0.conda#c14f32510f694e3185704d89967ec422
https://conda.anaconda.org/conda-forge/linux-aarch64/libnuma-2.0.16-hb4cce97_1.conda#a63d3c8b8384e64056a8c4bfd80edbdd
https://conda.anaconda.org/conda-forge/linux-aarch64/libsanitizer-12.3.0-h8ebda82_4.conda#52342a9e978ea8c5ac070e3c1ee85ffe
https://conda.anaconda.org/conda-forge/linux-aarch64/libutf8proc-2.8.0-h4e544f5_0.tar.bz2#bf0defbd8ac06270fb5ec05c85fb3c96
https://conda.anaconda.org/conda-forge/linux-aarch64/libuuid-2.38.1-hb4cce97_0.conda#000e30b09db0b7c775b21695dff30969
https://conda.anaconda.org/conda-forge/linux-aarch64/libxcrypt-4.4.36-h31becfc_1.conda#b4df5d7d4b63579d081fd3a4cf99740e
https://conda.anaconda.org/conda-forge/linux-aarch64/libzlib-1.2.13-h31becfc_5.conda#b213aa87eea9491ef7b129179322e955
https://conda.anaconda.org/conda-forge/linux-aarch64/lz4-c-1.9.4-hd600fc2_0.conda#500145a83ed07ce79c8cef24252f366b
https://conda.anaconda.org/conda-forge/linux-aarch64/ncurses-6.4-h0425590_2.conda#4ff0a396150dedad4269e16e5810f769
https://conda.anaconda.org/conda-forge/linux-aarch64/openssl-3.2.1-h31becfc_0.conda#b7e7c53240214ae96f52a440c0b0126a
https://conda.anaconda.org/conda-forge/linux-aarch64/snappy-1.1.10-he8610fa_0.conda#11c25e55894bb8207a81a87e6a32b6e7
https://conda.anaconda.org/conda-forge/linux-aarch64/xz-5.2.6-h9cdd2b7_0.tar.bz2#83baad393a31d59c20b63ba4da6592df
https://conda.anaconda.org/conda-forge/linux-aarch64/aws-c-cal-0.6.9-h854096e_3.conda#46e184887ee4385be10eeba7b958163c
https://conda.anaconda.org/conda-forge/linux-aarch64/aws-c-compression-0.2.17-hf7cfaa6_8.conda#7d68a9481a4d4130a63751dc4ad9941b
https://conda.anaconda.org/conda-forge/linux-aarch64/aws-c-sdkutils-0.1.14-hf7cfaa6_0.conda#dae4bd384e4e457dafae97b9329aa26f
https://conda.anaconda.org/conda-forge/linux-aarch64/aws-checksums-0.1.17-hf7cfaa6_7.conda#ce2877af415607a91a37e53a60366a50
https://conda.anaconda.org/conda-forge/linux-aarch64/gcc_impl_linux-aarch64-12.3.0-hcde2664_4.conda#60584c553594ed29fe236027950e5d19
https://conda.anaconda.org/conda-forge/linux-aarch64/glog-0.6.0-h8ab10f1_0.tar.bz2#9dc55595db8d7947bb253f63bbcec8ca
https://conda.anaconda.org/conda-forge/linux-aarch64/gmock-1.14.0-h8af1aa0_1.conda#4e82a29186336a96807e294d0738ab74
https://conda.anaconda.org/conda-forge/linux-aarch64/libbrotlidec-1.1.0-h31becfc_1.conda#8db7cff89510bec0b863a0a8ee6a7bce
https://conda.anaconda.org/conda-forge/linux-aarch64/libbrotlienc-1.1.0-h31becfc_1.conda#ad3d3a826b5848d99936e4466ebbaa26
https://conda.anaconda.org/conda-forge/linux-aarch64/libedit-3.1.20191231-he28a2e2_2.tar.bz2#29371161d77933a54fccf1bb66b96529
https://conda.anaconda.org/conda-forge/linux-aarch64/libevent-2.1.12-h4ba1bb4_1.conda#96ae6083cd1ac9f6bc81631ac835b317
https://conda.anaconda.org/conda-forge/linux-aarch64/libgfortran-ng-13.2.0-he9431aa_4.conda#19ee8907ad3021b767540a9fb32e2245
https://conda.anaconda.org/conda-forge/linux-aarch64/libnghttp2-1.58.0-hb0e430d_1.conda#8f724cdddffa79152de61f5564a3526b
https://conda.anaconda.org/conda-forge/linux-aarch64/libprotobuf-4.25.1-h87e877f_0.conda#e4c351916241bec171523f723e728169
https://conda.anaconda.org/conda-forge/linux-aarch64/libre2-11-2023.06.02-hf48c5ca_0.conda#364a9630c8e1d565547c887e051e4c08
https://conda.anaconda.org/conda-forge/linux-aarch64/libsqlite-3.44.2-h194ca79_0.conda#464a0dedd1131669324946ee1c13c1a5
https://conda.anaconda.org/conda-forge/linux-aarch64/libssh2-1.11.0-h492db2e_0.conda#45532845e121677ad328c9af9953f161
https://conda.anaconda.org/conda-forge/linux-aarch64/libxml2-2.12.4-h3091e33_1.conda#351d2cd7093fbc38dac409e95e3f55be
https://conda.anaconda.org/conda-forge/linux-aarch64/readline-8.2-h8fc344f_1.conda#105eb1e16bf83bfb2eb380a48032b655
https://conda.anaconda.org/conda-forge/linux-aarch64/s2n-1.4.3-h5a25046_0.conda#e5ef3389587af1374d830323ffdc007a
https://conda.anaconda.org/conda-forge/linux-aarch64/tk-8.6.13-h194ca79_0.conda#f75105e0585851f818e0009dd1dde4dc
https://conda.anaconda.org/conda-forge/linux-aarch64/ucx-1.15.0-hedb98eb_3.conda#6ac7b71587da701842bac2e3061a833e
https://conda.anaconda.org/conda-forge/linux-aarch64/zlib-1.2.13-h31becfc_5.conda#96866c7301479abaf8308c50958c71a4
https://conda.anaconda.org/conda-forge/linux-aarch64/zstd-1.5.5-h4c53e97_0.conda#b74eb9dbb5c3c15cb3cee7cbdf198c75
https://conda.anaconda.org/conda-forge/linux-aarch64/aws-c-io-0.14.3-h5d4d345_1.conda#f5adc023af2640a0ca1be5cd4e4f131c
https://conda.anaconda.org/conda-forge/linux-aarch64/gcc-12.3.0-hc1b51f9_2.conda#97aac23de07980a315aa0133d6efa742
https://conda.anaconda.org/conda-forge/linux-aarch64/gcc_linux-aarch64-12.3.0-h464a8f7_2.conda#955e5b68fde8c90f0db374f4fa8af401
https://conda.anaconda.org/conda-forge/linux-aarch64/gfortran_impl_linux-aarch64-12.3.0-hb7244be_4.conda#cbb12f9bf2f4a9f2d64a998d854d7e39
https://conda.anaconda.org/conda-forge/linux-aarch64/gxx_impl_linux-aarch64-12.3.0-hcde2664_4.conda#95b6007958ba54fee480d101cbebddf1
https://conda.anaconda.org/conda-forge/linux-aarch64/krb5-1.21.2-hc419048_0.conda#55b51af37bf6fdcfe06f140e62e8c8db
https://conda.anaconda.org/conda-forge/linux-aarch64/libllvm15-15.0.7-hb4f23b0_4.conda#8d7aa8eae04dc19426a417528d7041eb
https://conda.anaconda.org/conda-forge/linux-aarch64/libllvm17-17.0.6-h0b931ab_1.conda#ac0e46121b6ca4c1821564da18dea64b
https://conda.anaconda.org/conda-forge/linux-aarch64/libopenblas-0.3.26-pthreads_h5a5ec62_0.conda#2ea496754b596063335b3aeaa2b982ac
https://conda.anaconda.org/conda-forge/linux-aarch64/libthrift-0.19.0-h043aeee_1.conda#591ef1567ed4989d824fe35b45e3ae68
https://conda.anaconda.org/conda-forge/linux-aarch64/orc-1.9.2-h5960ff3_1.conda#33fba0519791e92eb6c5e807f82b9f63
https://conda.anaconda.org/conda-forge/linux-aarch64/python-3.9.18-h4ac3b42_1_cpython.conda#6ba2858e603df9b6ab7ad172b15be15f
https://conda.anaconda.org/conda-forge/linux-aarch64/re2-2023.06.02-h887e66c_0.conda#25adcadc54ca4932c6230f8da94d7c37
https://conda.anaconda.org/conda-forge/noarch/alabaster-0.7.16-pyhd8ed1ab_0.conda#def531a3ac77b7fb8c21d17bb5d0badb
https://conda.anaconda.org/conda-forge/linux-aarch64/aws-c-event-stream-0.4.1-h96a4043_5.conda#835b55a424b3f10e5f6258b65efda9c0
https://conda.anaconda.org/conda-forge/linux-aarch64/aws-c-http-0.8.0-h28e27ac_5.conda#6d3738fcb9c1f5a62a3364aef23de578
https://conda.anaconda.org/conda-forge/linux-aarch64/brotli-python-1.1.0-py39h387a81e_1.conda#983fb0d6a8d0ad30f7213dccadea185d
https://conda.anaconda.org/conda-forge/linux-aarch64/c-compiler-1.7.0-h31becfc_0.conda#4df75f282f5841cc6dc6126a6d281268
https://conda.anaconda.org/conda-forge/noarch/certifi-2023.11.17-pyhd8ed1ab_0.conda#2011bcf45376341dd1d690263fdbc789
https://conda.anaconda.org/conda-forge/noarch/charset-normalizer-3.3.2-pyhd8ed1ab_0.conda#7f4a9e3fcff3f6356ae99244a014da6a
https://conda.anaconda.org/conda-forge/noarch/colorama-0.4.6-pyhd8ed1ab_0.tar.bz2#3faab06a954c2a04039983f2c4a50d99
https://conda.anaconda.org/conda-forge/linux-aarch64/docutils-0.20.1-py39ha65689a_3.conda#49c8586dae52d03a328d9a63f6ad2937
https://conda.anaconda.org/conda-forge/linux-aarch64/gfortran-12.3.0-h8d4031d_2.conda#7f3669ae91f8b6a751239c43c9af4e3c
https://conda.anaconda.org/conda-forge/linux-aarch64/gfortran_linux-aarch64-12.3.0-h1993883_2.conda#e1422a2caea6ce0bb53033e2b36ba46c
https://conda.anaconda.org/conda-forge/linux-aarch64/gxx-12.3.0-hc1b51f9_2.conda#0c8ed54684ba4ac4753d08d18f8522a4
https://conda.anaconda.org/conda-forge/linux-aarch64/gxx_linux-aarch64-12.3.0-h21accf6_2.conda#17030cb823d5e2cc5e0c4461ed01b9b0
https://conda.anaconda.org/conda-forge/noarch/idna-3.6-pyhd8ed1ab_0.conda#1a76f09108576397c41c0b0c5bd84134
https://conda.anaconda.org/conda-forge/noarch/imagesize-1.4.1-pyhd8ed1ab_0.tar.bz2#7de5386c8fea29e76b303f37dde4c352
https://conda.anaconda.org/conda-forge/linux-aarch64/libblas-3.9.0-21_linuxaarch64_openblas.conda#7358230781e5d6e76e6adacf5201bcdf
https://conda.anaconda.org/conda-forge/linux-aarch64/libclang-cpp17-17.0.6-default_h65c9d4d_2.conda#69913e802aad9108215e74a6133d55f0
https://conda.anaconda.org/conda-forge/linux-aarch64/libclang13-17.0.6-default_hf5d3afd_2.conda#c6ffa7d4af80452037cae86434e33782
https://conda.anaconda.org/conda-forge/linux-aarch64/libcurl-8.5.0-h4e8248e_0.conda#fa0f5edc06ffc25a01eed005c6dc3d8c
https://conda.anaconda.org/conda-forge/linux-aarch64/libgrpc-1.60.0-heeb7df3_1.conda#e630e4315527dd7df0ce2fa76b6d7c1b
https://conda.anaconda.org/conda-forge/linux-aarch64/markupsafe-2.1.4-py39h7cc1d5f_0.conda#73f847f37074ec5c78db2e0ccb61a9cb
https://conda.anaconda.org/conda-forge/noarch/packaging-23.2-pyhd8ed1ab_0.conda#79002079284aa895f883c6b7f3f88fd6
https://conda.anaconda.org/conda-forge/noarch/pygments-2.17.2-pyhd8ed1ab_0.conda#140a7f159396547e9799aa98f9f0742e
https://conda.anaconda.org/conda-forge/noarch/pysocks-1.7.1-pyha2e5f31_6.tar.bz2#2a7de29fb590ca14b5243c4c812c8025
https://conda.anaconda.org/conda-forge/noarch/pytz-2023.4-pyhd8ed1ab_0.conda#89445e229eb2d6605be88e0908afc912
https://conda.anaconda.org/conda-forge/noarch/setuptools-69.0.3-pyhd8ed1ab_0.conda#40695fdfd15a92121ed2922900d0308b
https://conda.anaconda.org/conda-forge/noarch/snowballstemmer-2.2.0-pyhd8ed1ab_0.tar.bz2#4d22a9315e78c6827f806065957d566e
https://conda.anaconda.org/conda-forge/noarch/sphinxcontrib-jsmath-1.0.1-pyhd8ed1ab_0.conda#da1d979339e2714c30a8e806a33ec087
https://conda.anaconda.org/conda-forge/noarch/zipp-3.17.0-pyhd8ed1ab_0.conda#2e4d6bc0b14e10f895fc6791a7d9b26a
https://conda.anaconda.org/conda-forge/linux-aarch64/aws-c-auth-0.7.14-hd33d976_3.conda#71b2e869ec01962c95de27dbdc8657cf
https://conda.anaconda.org/conda-forge/linux-aarch64/aws-c-mqtt-0.10.1-h54b3c4e_3.conda#6a213b976295ad8bdfd4be8c8cff2e4c
https://conda.anaconda.org/conda-forge/noarch/babel-2.14.0-pyhd8ed1ab_0.conda#9669586875baeced8fc30c0826c3270e
https://conda.anaconda.org/conda-forge/linux-aarch64/clang-format-17-17.0.6-default_h65c9d4d_2.conda#4c9707515406d4c1f69662283cf5b93b
https://conda.anaconda.org/conda-forge/linux-aarch64/cxx-compiler-1.7.0-h2a328a1_0.conda#51797a0f32e945d0ecb2406b6a576157
https://conda.anaconda.org/conda-forge/linux-aarch64/fortran-compiler-1.7.0-h7048d53_0.conda#ffc1d64e89ee80a3dd6629e250112274
https://conda.anaconda.org/conda-forge/noarch/importlib-metadata-7.0.1-pyha770c72_0.conda#746623a787e06191d80a2133e5daff17
https://conda.anaconda.org/conda-forge/noarch/jinja2-3.1.3-pyhd8ed1ab_0.conda#e7d8df6509ba635247ff9aea31134262
https://conda.anaconda.org/conda-forge/linux-aarch64/libcblas-3.9.0-21_linuxaarch64_openblas.conda#7eb9aa7a90f067f8dbfede586cdc55cd
https://conda.anaconda.org/conda-forge/linux-aarch64/libgoogle-cloud-2.12.0-h3b99733_5.conda#78da954aaa5fb664f2035215d5091a5b
https://conda.anaconda.org/conda-forge/linux-aarch64/liblapack-3.9.0-21_linuxaarch64_openblas.conda#ab08b651e3630c20d3032e59859f34f7
https://conda.anaconda.org/conda-forge/noarch/urllib3-2.2.0-pyhd8ed1ab_0.conda#6a7e0694921f668a030d52f0c47baebd
https://conda.anaconda.org/conda-forge/linux-aarch64/aws-c-s3-0.5.0-hf422c69_1.conda#cda9cd337425748f0fa52e3d9abcc276
https://conda.anaconda.org/conda-forge/linux-aarch64/clang-format-17.0.6-default_h65c9d4d_2.conda#c71a211751dbb42c55d238cf3e6ab090
https://conda.anaconda.org/conda-forge/linux-aarch64/compilers-1.7.0-h8af1aa0_0.conda#300d5c8d50e492283d17dc70c8f8bba9
https://conda.anaconda.org/conda-forge/linux-aarch64/numpy-1.26.3-py39h91c28bb_0.conda#9e10c6f9e309c2ada0d41c945e0f9b56
https://conda.anaconda.org/conda-forge/noarch/requests-2.31.0-pyhd8ed1ab_0.conda#a30144e4156cdbb236f99ebb49828f8b
https://conda.anaconda.org/conda-forge/linux-aarch64/aws-crt-cpp-0.26.1-h7a702c1_8.conda#c5ad6f102ee737c51bdc877550edf2a0
https://conda.anaconda.org/conda-forge/linux-aarch64/clang-tools-17.0.6-default_h65c9d4d_2.conda#f65e699723fd3fafc1ecb468cc9ba159
https://conda.anaconda.org/conda-forge/linux-aarch64/aws-sdk-cpp-1.11.242-hf01a265_0.conda#f930fb3e674034eb24eddf591449eea7
https://conda.anaconda.org/conda-forge/linux-aarch64/libarrow-15.0.0-h94a09b9_2_cpu.conda#ffb8a09d7c25b8239e3f06e2edbfec06
https://conda.anaconda.org/conda-forge/linux-aarch64/libarrow-acero-15.0.0-h2f0025b_2_cpu.conda#3ef071eab02a57d922b1dfb45e31e503
https://conda.anaconda.org/conda-forge/linux-aarch64/libarrow-flight-15.0.0-he69d72d_2_cpu.conda#72af0cdd7747e59d32f8159526d1fb0d
https://conda.anaconda.org/conda-forge/linux-aarch64/libarrow-gandiva-15.0.0-h1bc7839_2_cpu.conda#0a96e3c0088ad1d4a7e84de68b59133f
https://conda.anaconda.org/conda-forge/linux-aarch64/libparquet-15.0.0-hb18b541_2_cpu.conda#9813a3ebd65bb708b1803b055bd5f556
https://conda.anaconda.org/conda-forge/linux-aarch64/libarrow-dataset-15.0.0-h2f0025b_2_cpu.conda#2a6e6d05bad4329ac1a663a26b64782d
https://conda.anaconda.org/conda-forge/linux-aarch64/libarrow-flight-sql-15.0.0-h1fc705f_2_cpu.conda#e749637fe8eb97f1ecc145b33fc1981b
https://conda.anaconda.org/conda-forge/linux-aarch64/libarrow-substrait-15.0.0-h0599332_2_cpu.conda#3b09bcb42a4012cfd9c83b6b185f16af
https://conda.anaconda.org/conda-forge/linux-aarch64/pyarrow-15.0.0-py39h7536f14_2_cpu.conda#aef19983dd628dba7b1d2f270ad04a44
https://conda.anaconda.org/conda-forge/noarch/sphinxcontrib-applehelp-1.0.8-pyhd8ed1ab_0.conda#611a35a27914fac3aa37611a6fe40bb5
https://conda.anaconda.org/conda-forge/noarch/sphinxcontrib-devhelp-1.0.6-pyhd8ed1ab_0.conda#d7e4954df0d3aea2eacc7835ad12671d
https://conda.anaconda.org/conda-forge/noarch/sphinxcontrib-htmlhelp-2.0.5-pyhd8ed1ab_0.conda#7e1e7437273682ada2ed5e9e9714b140
https://conda.anaconda.org/conda-forge/noarch/sphinxcontrib-qthelp-1.0.7-pyhd8ed1ab_0.conda#26acae54b06f178681bfb551760f5dd1
https://conda.anaconda.org/conda-forge/noarch/sphinx-7.2.6-pyhd8ed1ab_0.conda#bbfd1120d1824d2d073bc65935f0e4c0
https://conda.anaconda.org/conda-forge/noarch/sphinxcontrib-serializinghtml-1.1.10-pyhd8ed1ab_0.conda#e507335cb4ca9cff4c3d0fa9cdab255e
