# Generated by conda-lock.
# platform: linux-64
# input_hash: 30eb15fe7ffee7521bedc0036842bc08630b7c73381e96ef96b904921ebeb571
@EXPLICIT
https://conda.anaconda.org/conda-forge/linux-64/_libgcc_mutex-0.1-conda_forge.tar.bz2#d7c89558ba9fa0495403155b64376d81
https://conda.anaconda.org/conda-forge/linux-64/ca-certificates-2022.6.15-ha878542_0.tar.bz2#c320890f77fd1d617fa876e0982002c2
https://conda.anaconda.org/conda-forge/noarch/kernel-headers_linux-64-2.6.32-he073ed8_15.tar.bz2#5dd5127afd710f91f6a75821bac0a4f0
https://conda.anaconda.org/conda-forge/linux-64/ld_impl_linux-64-2.36.1-hea4e1c9_2.tar.bz2#bd4f2e711b39af170e7ff15163fe87ee
https://conda.anaconda.org/conda-forge/linux-64/libgcc-devel_linux-64-10.4.0-h74af60c_16.tar.bz2#249e3f4b31c67c726ee599e236a9927b
https://conda.anaconda.org/conda-forge/linux-64/libgfortran5-12.1.0-hdcd56e2_16.tar.bz2#b02605b875559ff99f04351fd5040760
https://conda.anaconda.org/conda-forge/linux-64/libstdcxx-devel_linux-64-10.4.0-h74af60c_16.tar.bz2#dfdb4caec8c73c80a6803952e7a403d0
https://conda.anaconda.org/conda-forge/linux-64/libstdcxx-ng-12.1.0-ha89aaad_16.tar.bz2#6f5ba041a41eb102a1027d9e68731be7
https://conda.anaconda.org/conda-forge/noarch/tzdata-2022a-h191b570_0.tar.bz2#84be5301069417a2221187d2f435e0f7
https://conda.anaconda.org/conda-forge/linux-64/libgfortran-ng-12.1.0-h69a702a_16.tar.bz2#6bf15e29a20f614b18ae89368260d0a2
https://conda.anaconda.org/conda-forge/linux-64/libgomp-12.1.0-h8d9b700_16.tar.bz2#f013cf7749536ce43d82afbffdf499ab
https://conda.anaconda.org/conda-forge/noarch/sysroot_linux-64-2.12-he073ed8_15.tar.bz2#66c192522eacf5bb763568b4e415d133
https://conda.anaconda.org/conda-forge/linux-64/_openmp_mutex-4.5-2_gnu.tar.bz2#73aaf86a425cc6e73fcf236a5a46396d
https://conda.anaconda.org/conda-forge/linux-64/binutils_impl_linux-64-2.36.1-h193b22a_2.tar.bz2#32aae4265554a47ea77f7c09f86aeb3b
https://conda.anaconda.org/conda-forge/linux-64/binutils-2.36.1-hdd6e379_2.tar.bz2#3111f86041b5b6863545ca49130cca95
https://conda.anaconda.org/conda-forge/linux-64/binutils_linux-64-2.36-hf3e587d_10.tar.bz2#9d5cdbfe24b182d4c749b86d500ac9d2
https://conda.anaconda.org/conda-forge/linux-64/libgcc-ng-12.1.0-h8d9b700_16.tar.bz2#4f05bc9844f7c101e6e147dab3c88d5c
https://conda.anaconda.org/conda-forge/linux-64/abseil-cpp-20210324.2-h9c3ff4c_0.tar.bz2#baa652d7d0da41d757a31d00b4ae2c38
https://conda.anaconda.org/conda-forge/linux-64/aws-c-common-0.6.2-h7f98852_0.tar.bz2#ce69a062b3080485b760378841240634
https://conda.anaconda.org/conda-forge/linux-64/bzip2-1.0.8-h7f98852_4.tar.bz2#a1fd65c7ccbf10880423d82bca54eb54
https://conda.anaconda.org/conda-forge/linux-64/c-ares-1.18.1-h7f98852_0.tar.bz2#f26ef8098fab1f719c91eb760d63381a
https://conda.anaconda.org/conda-forge/linux-64/gflags-2.2.2-he1b5a44_1004.tar.bz2#cddaf2c63ea4a5901cf09524c490ecdc
https://conda.anaconda.org/conda-forge/linux-64/gtest-1.11.0-h924138e_0.tar.bz2#1a2a0f84704fc43a994ac2d16cecd090
https://conda.anaconda.org/conda-forge/linux-64/keyutils-1.6.1-h166bdaf_0.tar.bz2#30186d27e2c9fa62b45fb1476b7200e3
https://conda.anaconda.org/conda-forge/linux-64/libbrotlicommon-1.0.9-h166bdaf_7.tar.bz2#f82dc1c78bcf73583f2656433ce2933c
https://conda.anaconda.org/conda-forge/linux-64/libcrc32c-1.1.2-h9c3ff4c_0.tar.bz2#c965a5aa0d5c1c37ffc62dff36e28400
https://conda.anaconda.org/conda-forge/linux-64/libev-4.33-h516909a_1.tar.bz2#6f8720dff19e17ce5d48cfe7f3d2f0a3
https://conda.anaconda.org/conda-forge/linux-64/libffi-3.4.2-h7f98852_5.tar.bz2#d645c6d2ac96843a2bfaccd2d62b3ac3
https://conda.anaconda.org/conda-forge/linux-64/libnsl-2.0.0-h7f98852_0.tar.bz2#39b1328babf85c7c3a61636d9cd50206
https://conda.anaconda.org/conda-forge/linux-64/libopenblas-0.3.20-pthreads_h78a6416_1.tar.bz2#759c6f385ca4110f5fb185d404d306a3
https://conda.anaconda.org/conda-forge/linux-64/libsanitizer-10.4.0-hde28e3b_16.tar.bz2#2a085c59fe36671022c46187c7d1a560
https://conda.anaconda.org/conda-forge/linux-64/libutf8proc-2.7.0-h7f98852_0.tar.bz2#913570ed14b42cf48ccbba364af20302
https://conda.anaconda.org/conda-forge/linux-64/libuuid-2.32.1-h7f98852_1000.tar.bz2#772d69f030955d9646d3d0eaf21d859d
https://conda.anaconda.org/conda-forge/linux-64/libzlib-1.2.12-h166bdaf_2.tar.bz2#8302381297332ea50532cf2c67961080
https://conda.anaconda.org/conda-forge/linux-64/lz4-c-1.9.3-h9c3ff4c_1.tar.bz2#fbe97e8fa6f275d7c76a09e795adc3e6
https://conda.anaconda.org/conda-forge/linux-64/ncurses-6.3-h27087fc_1.tar.bz2#4acfc691e64342b9dae57cf2adc63238
https://conda.anaconda.org/conda-forge/linux-64/openssl-1.1.1q-h166bdaf_0.tar.bz2#07acc367c7fc8b716770cd5b36d31717
https://conda.anaconda.org/conda-forge/linux-64/re2-2022.06.01-h27087fc_0.tar.bz2#23a0de2e0f5ee6d12adfef82771ed49c
https://conda.anaconda.org/conda-forge/linux-64/snappy-1.1.9-hbd366e4_1.tar.bz2#418adb239781d9690afc6b1a05514c37
https://conda.anaconda.org/conda-forge/linux-64/xz-5.2.5-h516909a_1.tar.bz2#33f601066901f3e1a85af3522a8113f9
https://conda.anaconda.org/conda-forge/linux-64/aws-c-cal-0.5.11-h95a6274_0.tar.bz2#d4e7b241fb22dd3d7be1171f813d5da3
https://conda.anaconda.org/conda-forge/linux-64/aws-checksums-0.1.11-ha31a3da_7.tar.bz2#2fdb96aaab883abc0766ff76c0a34483
https://conda.anaconda.org/conda-forge/linux-64/gcc_impl_linux-64-10.4.0-h7ee1905_16.tar.bz2#a215160d13969222fc09e5e687b7a455
https://conda.anaconda.org/conda-forge/linux-64/glog-0.6.0-h6f12383_0.tar.bz2#b31f3565cb84435407594e548a2fb7b2
https://conda.anaconda.org/conda-forge/linux-64/gmock-1.11.0-h924138e_0.tar.bz2#0479572d59e47368461ce2216d0bf73c
https://conda.anaconda.org/conda-forge/linux-64/libblas-3.9.0-15_linux64_openblas.tar.bz2#04eb983975a1be3e57d6d667414cd774
https://conda.anaconda.org/conda-forge/linux-64/libbrotlidec-1.0.9-h166bdaf_7.tar.bz2#37a460703214d0d1b421e2a47eb5e6d0
https://conda.anaconda.org/conda-forge/linux-64/libbrotlienc-1.0.9-h166bdaf_7.tar.bz2#785a9296ea478eb78c47593c4da6550f
https://conda.anaconda.org/conda-forge/linux-64/libedit-3.1.20191231-he28a2e2_2.tar.bz2#4d331e44109e3f0e19b4cb8f9b82f3e1
https://conda.anaconda.org/conda-forge/linux-64/libevent-2.1.10-h9b69904_4.tar.bz2#390026683aef81db27ff1b8570ca1336
https://conda.anaconda.org/conda-forge/linux-64/libllvm14-14.0.6-he0ac6c6_0.tar.bz2#f5759f0c80708fbf9c4836c0cb46d0fe
https://conda.anaconda.org/conda-forge/linux-64/readline-8.1.2-h0f457ee_0.tar.bz2#db2ebbe2943aae81ed051a6a9af8e0fa
https://conda.anaconda.org/conda-forge/linux-64/s2n-1.0.10-h9b69904_0.tar.bz2#9708c3ac26c20b4c4549cbe8fef937eb
https://conda.anaconda.org/conda-forge/linux-64/tk-8.6.12-h27826a3_0.tar.bz2#5b8c42eb62e9fc961af70bdd6a26e168
https://conda.anaconda.org/conda-forge/linux-64/zlib-1.2.12-h166bdaf_2.tar.bz2#4533821485cde83ab12ff3d8bda83768
https://conda.anaconda.org/conda-forge/linux-64/zstd-1.5.2-h8a70e8d_2.tar.bz2#78c26dbb6e07d95ccc0eab8d4540aa0c
https://conda.anaconda.org/conda-forge/linux-64/aws-c-io-0.10.5-hfb6a706_0.tar.bz2#47d6b88b0c42a8c9877f3993b49f052d
https://conda.anaconda.org/conda-forge/linux-64/gcc-10.4.0-hb92f740_10.tar.bz2#7e43adbb6ec5b1127821ad0b92c8469c
https://conda.anaconda.org/conda-forge/linux-64/gcc_linux-64-10.4.0-h9215b83_10.tar.bz2#7dd8894b2482ba8a5dcf2f3495e16cdd
https://conda.anaconda.org/conda-forge/linux-64/gfortran_impl_linux-64-10.4.0-h44b2e72_16.tar.bz2#c06d532a3bdcd0e4456ba0ae5db7ae9b
https://conda.anaconda.org/conda-forge/linux-64/gxx_impl_linux-64-10.4.0-h7ee1905_16.tar.bz2#a7b3877023ce1582355874811d601fff
https://conda.anaconda.org/conda-forge/linux-64/krb5-1.19.3-h3790be6_0.tar.bz2#7d862b05445123144bec92cb1acc8ef8
https://conda.anaconda.org/conda-forge/linux-64/libcblas-3.9.0-15_linux64_openblas.tar.bz2#f45968428e445fd0c6472b561145812a
https://conda.anaconda.org/conda-forge/linux-64/libclang-cpp14-14.0.6-default_h2e3cab8_0.tar.bz2#0e63ac182e381cd351c397f8e44a4b71
https://conda.anaconda.org/conda-forge/linux-64/libclang13-14.0.6-default_h3a83d3e_0.tar.bz2#cdbd49e0ab5c5a6c522acb8271977d4c
https://conda.anaconda.org/conda-forge/linux-64/liblapack-3.9.0-15_linux64_openblas.tar.bz2#b7078220384b8bf8db1a45e66412ac4f
https://conda.anaconda.org/conda-forge/linux-64/libnghttp2-1.47.0-h727a467_0.tar.bz2#a22567abfea169ff8048506b1ca9b230
https://conda.anaconda.org/conda-forge/linux-64/libprotobuf-3.20.1-h6239696_0.tar.bz2#21c9de21934a18e094fc6534d787581e
https://conda.anaconda.org/conda-forge/linux-64/libssh2-1.10.0-ha56f1ee_2.tar.bz2#6ab4eaa11ff01801cffca0a27489dc04
https://conda.anaconda.org/conda-forge/linux-64/libthrift-0.16.0-h519c5ea_1.tar.bz2#f1eede77e2dab7a4392dabc746913d52
https://conda.anaconda.org/conda-forge/linux-64/sqlite-3.39.2-h4ff8645_0.tar.bz2#2cf5cb4cd116a78e639977eb61ad9987
https://conda.anaconda.org/conda-forge/linux-64/aws-c-event-stream-0.2.7-h3541f99_13.tar.bz2#39768ba0fe69c241d54703a7f5e3119f
https://conda.anaconda.org/conda-forge/linux-64/c-compiler-1.4.2-h166bdaf_0.tar.bz2#d3a922efc75c5f2534372eead96d46be
https://conda.anaconda.org/conda-forge/linux-64/clang-format-14-14.0.6-default_h2e3cab8_0.tar.bz2#ef9669b9847ce3c8a304e9eb08bf446d
https://conda.anaconda.org/conda-forge/linux-64/gfortran-10.4.0-h0c96582_10.tar.bz2#947e6c3d75456718c7ae2c6d3d19190b
https://conda.anaconda.org/conda-forge/linux-64/gfortran_linux-64-10.4.0-h69d5af5_10.tar.bz2#3088dc784ec2911a456f1514958e82e1
https://conda.anaconda.org/conda-forge/linux-64/grpc-cpp-1.45.2-h3b8df00_4.tar.bz2#946863bf62d48126b7d1c00d178f97d1
https://conda.anaconda.org/conda-forge/linux-64/gxx-10.4.0-hb92f740_10.tar.bz2#220d9ecccb6c95d91b2bba613cc6a6bd
https://conda.anaconda.org/conda-forge/linux-64/gxx_linux-64-10.4.0-h6e491c6_10.tar.bz2#f8a225e6190a7f5a14702d0549014cba
https://conda.anaconda.org/conda-forge/linux-64/libclang-14.0.6-default_h2e3cab8_0.tar.bz2#eb70548da697e50cefa7ba939d57d001
https://conda.anaconda.org/conda-forge/linux-64/libcurl-7.83.1-h7bff187_0.tar.bz2#d0c278476dba3b29ee13203784672ab1
https://conda.anaconda.org/conda-forge/linux-64/orc-1.7.5-h6c59b99_0.tar.bz2#884b5f46b907b1f9b4a2aa60d75b4d32
https://conda.anaconda.org/conda-forge/linux-64/python-3.9.13-h9a8a25e_0_cpython.tar.bz2#69bc307cc4d7396c5fccb26bbcc9c379
https://conda.anaconda.org/conda-forge/noarch/alabaster-0.7.12-py_0.tar.bz2#2489a97287f90176ecdc3ca982b4b0a0
https://conda.anaconda.org/conda-forge/linux-64/aws-sdk-cpp-1.8.186-hb4091e7_3.tar.bz2#3c08d9ee5cb4fe57774405a429f12351
https://conda.anaconda.org/conda-forge/noarch/charset-normalizer-2.1.0-pyhd8ed1ab_0.tar.bz2#abc0453b6e7bfbb87d275d58e333fc98
https://conda.anaconda.org/conda-forge/linux-64/clang-format-14.0.6-default_h2e3cab8_0.tar.bz2#46f166532c575e94f97a42d8b4952006
https://conda.anaconda.org/conda-forge/noarch/colorama-0.4.5-pyhd8ed1ab_0.tar.bz2#c267da48ce208905d7d976d49dfd9433
https://conda.anaconda.org/conda-forge/linux-64/cxx-compiler-1.4.2-h924138e_0.tar.bz2#40b38afc72b4f12be8a2ca29853b03ac
https://conda.anaconda.org/conda-forge/linux-64/fortran-compiler-1.4.2-h2a4ca65_0.tar.bz2#a39c981deb5b50e2ea1464ab9d5c0b10
https://conda.anaconda.org/conda-forge/noarch/idna-3.3-pyhd8ed1ab_0.tar.bz2#40b50b8b030f5f2f22085c062ed013dd
https://conda.anaconda.org/conda-forge/noarch/imagesize-1.4.1-pyhd8ed1ab_0.tar.bz2#7de5386c8fea29e76b303f37dde4c352
https://conda.anaconda.org/conda-forge/linux-64/libgoogle-cloud-1.40.2-habd0e3a_0.tar.bz2#8ef19619ff208d7088d434e7f767a661
https://conda.anaconda.org/conda-forge/noarch/pycparser-2.21-pyhd8ed1ab_0.tar.bz2#076becd9e05608f8dc72757d5f3a91ff
https://conda.anaconda.org/conda-forge/noarch/pyparsing-3.0.9-pyhd8ed1ab_0.tar.bz2#e8fbc1b54b25f4b08281467bc13b70cc
https://conda.anaconda.org/conda-forge/linux-64/python_abi-3.9-2_cp39.tar.bz2#39adde4247484de2bb4000122fdcf665
https://conda.anaconda.org/conda-forge/noarch/pytz-2022.1-pyhd8ed1ab_0.tar.bz2#b87d66d6d3991d988fb31510c95a9267
https://conda.anaconda.org/conda-forge/noarch/snowballstemmer-2.2.0-pyhd8ed1ab_0.tar.bz2#4d22a9315e78c6827f806065957d566e
https://conda.anaconda.org/conda-forge/noarch/sphinxcontrib-applehelp-1.0.2-py_0.tar.bz2#20b2eaeaeea4ef9a9a0d99770620fd09
https://conda.anaconda.org/conda-forge/noarch/sphinxcontrib-devhelp-1.0.2-py_0.tar.bz2#68e01cac9d38d0e717cd5c87bc3d2cc9
https://conda.anaconda.org/conda-forge/noarch/sphinxcontrib-htmlhelp-2.0.0-pyhd8ed1ab_0.tar.bz2#77dad82eb9c8c1525ff7953e0756d708
https://conda.anaconda.org/conda-forge/noarch/sphinxcontrib-jsmath-1.0.1-py_0.tar.bz2#67cd9d9c0382d37479b4d306c369a2d4
https://conda.anaconda.org/conda-forge/noarch/sphinxcontrib-qthelp-1.0.3-py_0.tar.bz2#d01180388e6d1838c3e1ad029590aa7a
https://conda.anaconda.org/conda-forge/noarch/sphinxcontrib-serializinghtml-1.1.5-pyhd8ed1ab_2.tar.bz2#9ff55a0901cf952f05c654394de76bf7
https://conda.anaconda.org/conda-forge/noarch/zipp-3.8.1-pyhd8ed1ab_0.tar.bz2#a3508a0c850745b875de88aea4c40cc5
https://conda.anaconda.org/conda-forge/noarch/babel-2.10.3-pyhd8ed1ab_0.tar.bz2#72f1c6d03109d7a70087bc1d029a8eda
https://conda.anaconda.org/conda-forge/linux-64/certifi-2022.6.15-py39hf3d152e_0.tar.bz2#cf0efee4ef53a6d3ea4dce06ac360f14
https://conda.anaconda.org/conda-forge/linux-64/cffi-1.15.1-py39he91dace_0.tar.bz2#61e961a94c8fd535e4496b17e7452dfe
https://conda.anaconda.org/conda-forge/linux-64/clang-tools-14.0.6-default_h2e3cab8_0.tar.bz2#8ab329e2e110199b9adcf872c523df1a
https://conda.anaconda.org/conda-forge/linux-64/compilers-1.4.2-ha770c72_0.tar.bz2#b353fa1271e1a82d37a7d35f4785de13
https://conda.anaconda.org/conda-forge/linux-64/docutils-0.19-py39hf3d152e_0.tar.bz2#20f72153a0a168a8591daf4a92f577c0
https://conda.anaconda.org/conda-forge/linux-64/importlib-metadata-4.11.4-py39hf3d152e_0.tar.bz2#4c2a0eabf0b8980b2c755646a6f750eb
https://conda.anaconda.org/conda-forge/linux-64/markupsafe-2.1.1-py39hb9d737c_1.tar.bz2#7cda413e43b252044a270c2477031c5c
https://conda.anaconda.org/conda-forge/linux-64/numpy-1.23.1-py39hba7629e_0.tar.bz2#ee8dff1fb28e0e2c458e845aae9d915a
https://conda.anaconda.org/conda-forge/noarch/packaging-21.3-pyhd8ed1ab_0.tar.bz2#71f1ab2de48613876becddd496371c85
https://conda.anaconda.org/conda-forge/linux-64/pysocks-1.7.1-py39hf3d152e_5.tar.bz2#d34b97a2386932b97c7cb80916a673e7
https://conda.anaconda.org/conda-forge/linux-64/setuptools-63.4.1-py39hf3d152e_0.tar.bz2#ce89d02f0e52921a1b1d3797032bf922
https://conda.anaconda.org/conda-forge/linux-64/arrow-cpp-9.0.0-py39h811ffd7_0_cpu.tar.bz2#e9abcfcdb8e6b0dfbf6ecb2d4db554d4
https://conda.anaconda.org/conda-forge/linux-64/brotlipy-0.7.0-py39hb9d737c_1004.tar.bz2#05a99367d885ec9990f25e74128a8a08
https://conda.anaconda.org/conda-forge/linux-64/cryptography-37.0.4-py39hd97740a_0.tar.bz2#edc3668e7b71657237f94cf25e286478
https://conda.anaconda.org/conda-forge/noarch/jinja2-3.1.2-pyhd8ed1ab_1.tar.bz2#c8490ed5c70966d232fdd389d0dbed37
https://conda.anaconda.org/conda-forge/noarch/pygments-2.12.0-pyhd8ed1ab_0.tar.bz2#cb27e2ded147e5bcc7eafc1c6d343cb3
https://conda.anaconda.org/conda-forge/linux-64/parquet-cpp-1.5.1-1.tar.bz2#f88f83428aa93efac1eb00980f8e15d3
https://conda.anaconda.org/conda-forge/noarch/pyopenssl-22.0.0-pyhd8ed1ab_0.tar.bz2#1d7e241dfaf5475e893d4b824bb71b44
https://conda.anaconda.org/conda-forge/linux-64/pyarrow-9.0.0-py39h42d110c_0_cpu.tar.bz2#78b3a36b226af5bcc8d43c55cb9d162b
https://conda.anaconda.org/conda-forge/noarch/urllib3-1.26.11-pyhd8ed1ab_0.tar.bz2#0738978569b10669bdef41c671252dd1
https://conda.anaconda.org/conda-forge/noarch/requests-2.28.1-pyhd8ed1ab_0.tar.bz2#70d6e72856de9551f83ae0f2de689a7a
https://conda.anaconda.org/conda-forge/noarch/sphinx-5.1.1-pyhd8ed1ab_1.tar.bz2#cd1129e88f6278787212624e1b7a8001
