# Generated by conda-lock.
# platform: linux-aarch64
# input_hash: 7155afa83c51aed663683fb6b44b595532196e02508de6098db72e0968c0e14f
@EXPLICIT
https://conda.anaconda.org/conda-forge/linux-aarch64/ca-certificates-2024.8.30-hcefe29a_0.conda#70e57e8f59d2c98f86b49c69e5074be5
https://conda.anaconda.org/conda-forge/noarch/kernel-headers_linux-aarch64-4.18.0-h05a177a_18.conda#40ebaa9844bc99af99fc1beaed90b379
https://conda.anaconda.org/conda-forge/linux-aarch64/ld_impl_linux-aarch64-2.43-h80caac9_2.conda#fcbde5ea19d55468953bf588770c0501
https://conda.anaconda.org/conda-forge/linux-aarch64/libgomp-14.2.0-he277a41_1.conda#376f0e73abbda6d23c0cb749adc195ef
https://conda.anaconda.org/conda-forge/linux-aarch64/python_abi-3.9-5_cp39.conda#2d2843f11ec622f556137d72d9c72d89
https://conda.anaconda.org/conda-forge/noarch/tzdata-2024b-hc8b5060_0.conda#8ac3367aafb1cc0a068483c580af8015
https://conda.anaconda.org/conda-forge/linux-aarch64/_openmp_mutex-4.5-2_gnu.tar.bz2#6168d71addc746e8f2b8d57dfd2edcea
https://conda.anaconda.org/conda-forge/noarch/libgcc-devel_linux-aarch64-13.3.0-h0c07274_101.conda#4729642346d35283ed198d32ecc41206
https://conda.anaconda.org/conda-forge/noarch/libstdcxx-devel_linux-aarch64-13.3.0-h0c07274_101.conda#a7fdc5d75d643dd46f4e3d6092a13036
https://conda.anaconda.org/conda-forge/noarch/sysroot_linux-aarch64-2.17-h5b4a56d_18.conda#d42f4bece921c5e59f56a36414106dc1
https://conda.anaconda.org/conda-forge/linux-aarch64/binutils_impl_linux-aarch64-2.43-h4c662bb_2.conda#2eb09e329ee7030a4cab0269eeea97d4
https://conda.anaconda.org/conda-forge/linux-aarch64/libgcc-14.2.0-he277a41_1.conda#511b511c5445e324066c3377481bcab8
https://conda.anaconda.org/conda-forge/linux-aarch64/binutils-2.43-hf1166c9_2.conda#4afcab775fe2288fce420514cd92ae37
https://conda.anaconda.org/conda-forge/linux-aarch64/binutils_linux-aarch64-2.43-hf1166c9_2.conda#5c308468fe391f32dc3bb57a4b4622aa
https://conda.anaconda.org/conda-forge/linux-aarch64/c-ares-1.34.2-ha64f414_0.conda#588af5337614cece17e61b6ac907f812
https://conda.anaconda.org/conda-forge/linux-aarch64/libbrotlicommon-1.1.0-h86ecc28_2.conda#3ee026955c688f551a9999840cff4c67
https://conda.anaconda.org/conda-forge/linux-aarch64/libgcc-ng-14.2.0-he9431aa_1.conda#0694c249c61469f2c0f7e2990782af21
https://conda.anaconda.org/conda-forge/linux-aarch64/libgfortran5-14.2.0-hb6113d0_1.conda#fc068e11b10e18f184e027782baa12b6
https://conda.anaconda.org/conda-forge/linux-aarch64/libstdcxx-14.2.0-h3f4de04_1.conda#37f489acd39e22b623d2d1e5ac6d195c
https://conda.anaconda.org/conda-forge/linux-aarch64/libzlib-1.3.1-h86ecc28_2.conda#08aad7cbe9f5a6b460d0976076b6ae64
https://conda.anaconda.org/conda-forge/linux-aarch64/openssl-3.3.2-h86ecc28_0.conda#9e1e477b3f8ee3789297883faffa708b
https://conda.anaconda.org/conda-forge/linux-aarch64/aws-c-common-0.9.17-h68df207_0.conda#d6964495a363d9545e79443511796449
https://conda.anaconda.org/conda-forge/linux-aarch64/bzip2-1.0.8-h68df207_7.conda#56398c28220513b9ea13d7b450acfb20
https://conda.anaconda.org/conda-forge/linux-aarch64/gflags-2.2.2-h5ad3122_1005.conda#4ff634d515abbf664774b5e1168a9744
https://conda.anaconda.org/conda-forge/linux-aarch64/keyutils-1.6.1-h4e544f5_0.tar.bz2#1f24853e59c68892452ef94ddd8afd4b
https://conda.anaconda.org/conda-forge/linux-aarch64/libbrotlidec-1.1.0-h86ecc28_2.conda#e64d0f3b59c7c4047446b97a8624a72d
https://conda.anaconda.org/conda-forge/linux-aarch64/libbrotlienc-1.1.0-h86ecc28_2.conda#0e9bd365480c72b25c71a448257b537d
https://conda.anaconda.org/conda-forge/linux-aarch64/libev-4.33-h31becfc_2.conda#a9a13cb143bbaa477b1ebaefbe47a302
https://conda.anaconda.org/conda-forge/linux-aarch64/libevent-2.1.12-h4ba1bb4_1.conda#96ae6083cd1ac9f6bc81631ac835b317
https://conda.anaconda.org/conda-forge/linux-aarch64/libffi-3.4.2-h3557bc0_5.tar.bz2#dddd85f4d52121fab0a8b099c5e06501
https://conda.anaconda.org/conda-forge/linux-aarch64/libgfortran-14.2.0-he9431aa_1.conda#0294b92d2f47a240bebb1e3336b495f1
https://conda.anaconda.org/conda-forge/linux-aarch64/libiconv-1.17-h31becfc_2.conda#9a8eb13f14de7d761555a98712e6df65
https://conda.anaconda.org/conda-forge/linux-aarch64/libnsl-2.0.1-h31becfc_0.conda#c14f32510f694e3185704d89967ec422
https://conda.anaconda.org/conda-forge/linux-aarch64/libsanitizer-13.3.0-ha58e236_1.conda#ed8a2074f0afb09450a009e02de65e3c
https://conda.anaconda.org/conda-forge/linux-aarch64/libsqlite-3.47.0-hc4a20ef_0.conda#ccbe261fb8c1f1cd1a3122592247d3c4
https://conda.anaconda.org/conda-forge/linux-aarch64/libssh2-1.11.0-h492db2e_0.conda#45532845e121677ad328c9af9953f161
https://conda.anaconda.org/conda-forge/linux-aarch64/libstdcxx-ng-14.2.0-hf1166c9_1.conda#0e75771b8a03afae5a2c6ce71bc733f5
https://conda.anaconda.org/conda-forge/linux-aarch64/libutf8proc-2.8.0-h4e544f5_0.tar.bz2#bf0defbd8ac06270fb5ec05c85fb3c96
https://conda.anaconda.org/conda-forge/linux-aarch64/libuuid-2.38.1-hb4cce97_0.conda#000e30b09db0b7c775b21695dff30969
https://conda.anaconda.org/conda-forge/linux-aarch64/libxcrypt-4.4.36-h31becfc_1.conda#b4df5d7d4b63579d081fd3a4cf99740e
https://conda.anaconda.org/conda-forge/linux-aarch64/ncurses-6.5-hcccb83c_1.conda#91d49c85cacd92caa40cf375ef72a25d
https://conda.anaconda.org/conda-forge/linux-aarch64/s2n-1.4.13-h52a6840_0.conda#b1e9de2093e14202d628481725b5791c
https://conda.anaconda.org/conda-forge/linux-aarch64/tk-8.6.13-h194ca79_0.conda#f75105e0585851f818e0009dd1dde4dc
https://conda.anaconda.org/conda-forge/linux-aarch64/xz-5.2.6-h9cdd2b7_0.tar.bz2#83baad393a31d59c20b63ba4da6592df
https://conda.anaconda.org/conda-forge/linux-aarch64/zlib-1.3.1-h86ecc28_2.conda#bc230abb5d21b63ff4799b0e75204783
https://conda.anaconda.org/conda-forge/linux-aarch64/aws-c-cal-0.6.12-hc544557_0.conda#5391a4b44449f773ec4e6b6db0768ecc
https://conda.anaconda.org/conda-forge/linux-aarch64/aws-c-compression-0.2.18-h7972eaf_4.conda#5d85b84f1e714fa1ee56ae8533dfcbb1
https://conda.anaconda.org/conda-forge/linux-aarch64/aws-c-sdkutils-0.1.16-h7972eaf_0.conda#19c149b60cebab6440bfd115587e7109
https://conda.anaconda.org/conda-forge/linux-aarch64/aws-checksums-0.1.18-h7972eaf_4.conda#5c4cd53b40f29218bfbc4d1519bb29c3
https://conda.anaconda.org/conda-forge/linux-aarch64/gcc_impl_linux-aarch64-13.3.0-hcdea9b6_1.conda#05d767292bb95666ecfacea481f8ca64
https://conda.anaconda.org/conda-forge/linux-aarch64/glog-0.7.1-h468a4a4_0.conda#08940a32c6ced3703d1412dd37df4f62
https://conda.anaconda.org/conda-forge/linux-aarch64/gtest-1.15.2-h70be974_0.conda#3eb57e558bba17a085b29e24aa747475
https://conda.anaconda.org/conda-forge/linux-aarch64/icu-75.1-hf9b3779_0.conda#268203e8b983fddb6412b36f2024e75c
https://conda.anaconda.org/conda-forge/linux-aarch64/libabseil-20240116.2-cxx17_h0a1ffab_1.conda#9cadd103cf89edb2ea68d33728511158
https://conda.anaconda.org/conda-forge/linux-aarch64/libcrc32c-1.1.2-h01db608_0.tar.bz2#268ee639c17ada0002fb04dd21816cc2
https://conda.anaconda.org/conda-forge/linux-aarch64/libedit-3.1.20191231-he28a2e2_2.tar.bz2#29371161d77933a54fccf1bb66b96529
https://conda.anaconda.org/conda-forge/linux-aarch64/libgfortran-ng-14.2.0-he9431aa_1.conda#5e90005d310d69708ba0aa7f4fed1de6
https://conda.anaconda.org/conda-forge/linux-aarch64/libnghttp2-1.64.0-hc8609a4_0.conda#f52c614fa214a8bedece9421c771670d
https://conda.anaconda.org/conda-forge/linux-aarch64/libthrift-0.19.0-h043aeee_1.conda#591ef1567ed4989d824fe35b45e3ae68
https://conda.anaconda.org/conda-forge/linux-aarch64/lz4-c-1.9.4-hd600fc2_0.conda#500145a83ed07ce79c8cef24252f366b
https://conda.anaconda.org/conda-forge/linux-aarch64/readline-8.2-h8fc344f_1.conda#105eb1e16bf83bfb2eb380a48032b655
https://conda.anaconda.org/conda-forge/linux-aarch64/snappy-1.2.1-h1088aeb_0.conda#e4ed5b015f525b56f95c26d85a4ea208
https://conda.anaconda.org/conda-forge/linux-aarch64/zstd-1.5.6-h02f22dd_0.conda#be8d5f8cf21aed237b8b182ea86b3dd6
https://conda.anaconda.org/conda-forge/linux-aarch64/aws-c-io-0.14.8-h07c5ed3_0.conda#832ade3e36140d022f8ac8c928f9bbdd
https://conda.anaconda.org/conda-forge/linux-aarch64/gcc-13.3.0-h8a56e6e_1.conda#9548c9d315f1894dc311d56433e05e28
https://conda.anaconda.org/conda-forge/linux-aarch64/gcc_linux-aarch64-13.3.0-h1cd514b_5.conda#ab35bdc9218e9f00161268237547a98c
https://conda.anaconda.org/conda-forge/linux-aarch64/gfortran_impl_linux-aarch64-13.3.0-h174a3c4_1.conda#d3822f0c83af67924a12f052b33aca0c
https://conda.anaconda.org/conda-forge/linux-aarch64/gmock-1.15.2-h8af1aa0_0.conda#c1ba74158521289b04df46f243d461ce
https://conda.anaconda.org/conda-forge/linux-aarch64/gxx_impl_linux-aarch64-13.3.0-h1211b58_1.conda#3721f68549df06c2b0664f8933bbf17f
https://conda.anaconda.org/conda-forge/linux-aarch64/krb5-1.21.3-h50a48e9_0.conda#29c10432a2ca1472b53f299ffb2ffa37
https://conda.anaconda.org/conda-forge/linux-aarch64/libopenblas-0.3.28-pthreads_h9d3fd7e_0.conda#554edd2031035f21b042fdbc74429774
https://conda.anaconda.org/conda-forge/linux-aarch64/libprotobuf-4.25.3-hea2c3fa_1.conda#c06acb4f972c516696590e6d6ffb69c7
https://conda.anaconda.org/conda-forge/linux-aarch64/libre2-11-2023.09.01-h9d008c2_2.conda#387c114aadcaeb02210f646c4b5efca2
https://conda.anaconda.org/conda-forge/linux-aarch64/libxml2-2.12.7-h00a45b3_4.conda#d25c3e16ee77cd25342e4e235424c758
https://conda.anaconda.org/conda-forge/linux-aarch64/python-3.9.20-h4a649e4_1_cpython.conda#c2833e3d5a6d210ffb433cbd4a1cf174
https://conda.anaconda.org/conda-forge/noarch/alabaster-0.7.16-pyhd8ed1ab_0.conda#def531a3ac77b7fb8c21d17bb5d0badb
https://conda.anaconda.org/conda-forge/linux-aarch64/aws-c-event-stream-0.4.2-h0672d3d_10.conda#e601f2fc5cc4a9243e83c112694c00d7
https://conda.anaconda.org/conda-forge/linux-aarch64/aws-c-http-0.8.1-h54e40d9_13.conda#b04c2320bc818736fdb3673e101a18ff
https://conda.anaconda.org/conda-forge/linux-aarch64/brotli-python-1.1.0-py39h7dbf29c_2.conda#adacf334f92a835cb7a055b3e2150502
https://conda.anaconda.org/conda-forge/linux-aarch64/c-compiler-1.8.0-h6561dab_1.conda#715a2eea9897fb01de5dd6ba82728935
https://conda.anaconda.org/conda-forge/noarch/certifi-2024.8.30-pyhd8ed1ab_0.conda#12f7d00853807b0531775e9be891cb11
https://conda.anaconda.org/conda-forge/noarch/charset-normalizer-3.4.0-pyhd8ed1ab_0.conda#a374efa97290b8799046df7c5ca17164
https://conda.anaconda.org/conda-forge/noarch/colorama-0.4.6-pyhd8ed1ab_0.tar.bz2#3faab06a954c2a04039983f2c4a50d99
https://conda.anaconda.org/conda-forge/noarch/docutils-0.21.2-pyhd8ed1ab_0.conda#e8cd5d629f65bdf0f3bb312cde14659e
https://conda.anaconda.org/conda-forge/linux-aarch64/gfortran-13.3.0-h8a56e6e_1.conda#9f5a15470233d9366daad8d17c0d2b1d
https://conda.anaconda.org/conda-forge/linux-aarch64/gfortran_linux-aarch64-13.3.0-h2809cf8_5.conda#61c43195b8bac11f6c5e0fb40fe8faff
https://conda.anaconda.org/conda-forge/linux-aarch64/gxx-13.3.0-h8a56e6e_1.conda#838d6b64b84b1d17c564b146a839e988
https://conda.anaconda.org/conda-forge/linux-aarch64/gxx_linux-aarch64-13.3.0-h2864abd_5.conda#2d98b991b501e9f303f4feee10f4e794
https://conda.anaconda.org/conda-forge/noarch/hpack-4.0.0-pyh9f0ad1d_0.tar.bz2#914d6646c4dbb1fd3ff539830a12fd71
https://conda.anaconda.org/conda-forge/noarch/hyperframe-6.0.1-pyhd8ed1ab_0.tar.bz2#9f765cbfab6870c8435b9eefecd7a1f4
https://conda.anaconda.org/conda-forge/noarch/idna-3.10-pyhd8ed1ab_0.conda#7ba2ede0e7c795ff95088daf0dc59753
https://conda.anaconda.org/conda-forge/noarch/imagesize-1.4.1-pyhd8ed1ab_0.tar.bz2#7de5386c8fea29e76b303f37dde4c352
https://conda.anaconda.org/conda-forge/linux-aarch64/libblas-3.9.0-25_linuxaarch64_openblas.conda#f9b8a4a955ed2d0b68b1f453abcc1c9e
https://conda.anaconda.org/conda-forge/linux-aarch64/libcurl-8.10.1-h3ec0cbf_0.conda#f43539295c4e0cd15202d41bc72b8a26
https://conda.anaconda.org/conda-forge/linux-aarch64/libllvm19-19.1.2-h2edbd07_0.conda#e0c251e0b6815995e2f19532ab604f9b
https://conda.anaconda.org/conda-forge/linux-aarch64/markupsafe-3.0.2-py39h36a3f59_0.conda#97b1eb5b2449122512d467695ee8d00d
https://conda.anaconda.org/conda-forge/linux-aarch64/orc-2.0.0-hd7aaf90_1.conda#95d5a76acc60426348cdf900f5b8d1f2
https://conda.anaconda.org/conda-forge/noarch/packaging-24.1-pyhd8ed1ab_0.conda#cbe1bb1f21567018ce595d9c2be0f0db
https://conda.anaconda.org/conda-forge/noarch/pycparser-2.22-pyhd8ed1ab_0.conda#844d9eb3b43095b031874477f7d70088
https://conda.anaconda.org/conda-forge/noarch/pygments-2.18.0-pyhd8ed1ab_0.conda#b7f5c092b8f9800150d998a71b76d5a1
https://conda.anaconda.org/conda-forge/noarch/pysocks-1.7.1-pyha2e5f31_6.tar.bz2#2a7de29fb590ca14b5243c4c812c8025
https://conda.anaconda.org/conda-forge/noarch/pytz-2024.2-pyhd8ed1ab_0.conda#260009d03c9d5c0f111904d851f053dc
https://conda.anaconda.org/conda-forge/linux-aarch64/re2-2023.09.01-h9caee61_2.conda#a9667ab785e1686d53313364c695f58e
https://conda.anaconda.org/conda-forge/noarch/setuptools-75.1.0-pyhd8ed1ab_0.conda#d5cd48392c67fb6849ba459c2c2b671f
https://conda.anaconda.org/conda-forge/noarch/snowballstemmer-2.2.0-pyhd8ed1ab_0.tar.bz2#4d22a9315e78c6827f806065957d566e
https://conda.anaconda.org/conda-forge/noarch/sphinxcontrib-jsmath-1.0.1-pyhd8ed1ab_0.conda#da1d979339e2714c30a8e806a33ec087
https://conda.anaconda.org/conda-forge/noarch/tomli-2.0.2-pyhd8ed1ab_0.conda#e977934e00b355ff55ed154904044727
https://conda.anaconda.org/conda-forge/noarch/zipp-3.20.2-pyhd8ed1ab_0.conda#4daaed111c05672ae669f7036ee5bba3
https://conda.anaconda.org/conda-forge/linux-aarch64/aws-c-auth-0.7.20-haea164f_0.conda#d86c0927fc214cc75f852df9d199629c
https://conda.anaconda.org/conda-forge/linux-aarch64/aws-c-mqtt-0.10.4-h0b2355d_2.conda#7ad03e93f5d584e3a974852b7c0daa4e
https://conda.anaconda.org/conda-forge/noarch/babel-2.14.0-pyhd8ed1ab_0.conda#9669586875baeced8fc30c0826c3270e
https://conda.anaconda.org/conda-forge/linux-aarch64/cffi-1.17.1-py39hecfc5ed_0.conda#5c431ce74f9fcffca9e9a29990b318e5
https://conda.anaconda.org/conda-forge/linux-aarch64/cxx-compiler-1.8.0-heb6c788_1.conda#d655e8bc7e615b6965afe20522e4ed1a
https://conda.anaconda.org/conda-forge/linux-aarch64/fortran-compiler-1.8.0-h25a59a9_1.conda#332c43b3c9e5ea6e8aa20cec132e6534
https://conda.anaconda.org/conda-forge/noarch/h2-4.1.0-pyhd8ed1ab_0.tar.bz2#b748fbf7060927a6e82df7cb5ee8f097
https://conda.anaconda.org/conda-forge/noarch/importlib-metadata-8.5.0-pyha770c72_0.conda#54198435fce4d64d8a89af22573012a8
https://conda.anaconda.org/conda-forge/noarch/jinja2-3.1.4-pyhd8ed1ab_0.conda#7b86ecb7d3557821c649b3c31e3eb9f2
https://conda.anaconda.org/conda-forge/linux-aarch64/libcblas-3.9.0-25_linuxaarch64_openblas.conda#db6af51123c67814572a8c25542cb368
https://conda.anaconda.org/conda-forge/linux-aarch64/libclang-cpp19.1-19.1.2-default_he324ac1_1.conda#6d4b791f9aa0523de4a8f46cd8b2e3ea
https://conda.anaconda.org/conda-forge/linux-aarch64/libclang13-19.1.2-default_h4390ef5_1.conda#0aed30adc7dd7e5929596bde6659785d
https://conda.anaconda.org/conda-forge/linux-aarch64/libgrpc-1.62.2-h98a9317_0.conda#2a669953ec0f08c2cc56bb43fed78de8
https://conda.anaconda.org/conda-forge/linux-aarch64/liblapack-3.9.0-25_linuxaarch64_openblas.conda#0eb74e81de46454960bde9e44e7ee378
https://conda.anaconda.org/conda-forge/linux-aarch64/aws-c-s3-0.5.9-h39e75e1_0.conda#c526363ca483694258fead4c0eeee077
https://conda.anaconda.org/conda-forge/linux-aarch64/clang-format-19-19.1.2-default_he324ac1_1.conda#5ee850e66fbfa12cb235e854d18e0c2e
https://conda.anaconda.org/conda-forge/linux-aarch64/compilers-1.8.0-h8af1aa0_1.conda#78f10b0d30c7ccd5a18a09a542373ab7
https://conda.anaconda.org/conda-forge/linux-aarch64/libgoogle-cloud-2.23.0-hd739bbb_1.conda#28b087119988d9cb764fab2384389018
https://conda.anaconda.org/conda-forge/linux-aarch64/numpy-1.26.4-py39h91c28bb_0.conda#d88e195f11a9f27e649aea408b54cb48
https://conda.anaconda.org/conda-forge/linux-aarch64/zstandard-0.23.0-py39h5934b9c_1.conda#43f0ab97684dc1facf7acf5bc24919e5
https://conda.anaconda.org/conda-forge/linux-aarch64/aws-crt-cpp-0.26.8-hf6b9791_11.conda#59f26db2dbd0c179255174e67706c4a3
https://conda.anaconda.org/conda-forge/linux-aarch64/clang-format-19.1.2-default_he324ac1_1.conda#67530554046714aee748ed2e3868bb75
https://conda.anaconda.org/conda-forge/linux-aarch64/libgoogle-cloud-storage-2.23.0-hdb39181_1.conda#0cdda7751432e9ec4255e19becdac10d
https://conda.anaconda.org/conda-forge/noarch/urllib3-2.2.3-pyhd8ed1ab_0.conda#6b55867f385dd762ed99ea687af32a69
https://conda.anaconda.org/conda-forge/linux-aarch64/aws-sdk-cpp-1.11.267-he30cb05_8.conda#61e5f105b7beb1d05f971e6800b18a35
https://conda.anaconda.org/conda-forge/linux-aarch64/clang-tools-19.1.2-default_he324ac1_1.conda#6143357a2c7e5e23dce04c352e0dab2e
https://conda.anaconda.org/conda-forge/noarch/requests-2.32.3-pyhd8ed1ab_0.conda#5ede4753180c7a550a443c430dc8ab52
https://conda.anaconda.org/conda-forge/linux-aarch64/libarrow-16.0.0-hda7f696_1_cpu.conda#102599b2684aca10c24e5ddf9bea44cc
https://conda.anaconda.org/conda-forge/linux-aarch64/libarrow-acero-16.0.0-h5ad3122_1_cpu.conda#0424b5248295d495e42b949f7be8674c
https://conda.anaconda.org/conda-forge/linux-aarch64/libparquet-16.0.0-h6fe2c6f_1_cpu.conda#b41c31aa61dc6ab727702b819078c4b4
https://conda.anaconda.org/conda-forge/linux-aarch64/pyarrow-core-16.0.0-py39ha95f412_0_cpu.conda#e4bdbd26aa2fd5442f514a8d89624f90
https://conda.anaconda.org/conda-forge/linux-aarch64/libarrow-dataset-16.0.0-h5ad3122_1_cpu.conda#fe9a1ff426a7caec0cae8df1b6777e9d
https://conda.anaconda.org/conda-forge/linux-aarch64/libarrow-substrait-16.0.0-h08b7278_1_cpu.conda#5273ca31950078c221df8b1878d27b3a
https://conda.anaconda.org/conda-forge/linux-aarch64/pyarrow-16.0.0-py39hfaf6321_0.conda#02ddc1a50764d5d16e7a2cab30dcd6c4
https://conda.anaconda.org/conda-forge/noarch/sphinxcontrib-applehelp-2.0.0-pyhd8ed1ab_0.conda#9075bd8c033f0257122300db914e49c9
https://conda.anaconda.org/conda-forge/noarch/sphinxcontrib-devhelp-2.0.0-pyhd8ed1ab_0.conda#b3bcc38c471ebb738854f52a36059b48
https://conda.anaconda.org/conda-forge/noarch/sphinxcontrib-htmlhelp-2.1.0-pyhd8ed1ab_0.conda#e25640d692c02e8acfff0372f547e940
https://conda.anaconda.org/conda-forge/noarch/sphinxcontrib-qthelp-2.0.0-pyhd8ed1ab_0.conda#d6e5ea5fe00164ac6c2dcc5d76a42192
https://conda.anaconda.org/conda-forge/noarch/sphinx-7.4.7-pyhd8ed1ab_0.conda#c568e260463da2528ecfd7c5a0b41bbd
https://conda.anaconda.org/conda-forge/noarch/sphinxcontrib-serializinghtml-1.1.10-pyhd8ed1ab_0.conda#e507335cb4ca9cff4c3d0fa9cdab255e
