# Generated by conda-lock.
# platform: linux-64
# input_hash: cc32c1fd9913e30ec43c67ee3ec8133bd4821f603aee9c8b816cdf56f573ba99
@EXPLICIT
https://conda.anaconda.org/conda-forge/linux-64/_libgcc_mutex-0.1-conda_forge.tar.bz2#d7c89558ba9fa0495403155b64376d81
https://conda.anaconda.org/conda-forge/linux-64/ca-certificates-2024.2.2-hbcca054_0.conda#2f4327a1cbe7f022401b236e915a5fef
https://conda.anaconda.org/conda-forge/noarch/kernel-headers_linux-64-2.6.32-he073ed8_17.conda#d731b543793afc0433c4fd593e693fce
https://conda.anaconda.org/conda-forge/linux-64/ld_impl_linux-64-2.40-h55db66e_0.conda#10569984e7db886e4f1abc2b47ad79a1
https://conda.anaconda.org/conda-forge/noarch/libgcc-devel_linux-64-12.3.0-h0223996_107.conda#851e9651c9e4cd5dc19f80398eba9a1c
https://conda.anaconda.org/conda-forge/noarch/libstdcxx-devel_linux-64-12.3.0-h0223996_107.conda#167a1f5d77d8f3c2a638f7eb418429f1
https://conda.anaconda.org/conda-forge/linux-64/libstdcxx-ng-13.2.0-hc0a3c3a_7.conda#53ebd4c833fa01cb2c6353e99f905406
https://conda.anaconda.org/conda-forge/linux-64/python_abi-3.9-4_cp39.conda#bfe4b3259a8ac6cdf0037752904da6a7
https://conda.anaconda.org/conda-forge/noarch/tzdata-2024a-h0c530f3_0.conda#161081fc7cec0bfda0d86d7cb595f8d8
https://conda.anaconda.org/conda-forge/linux-64/libgomp-13.2.0-h77fa898_7.conda#abf3fec87c2563697defa759dec3d639
https://conda.anaconda.org/conda-forge/noarch/sysroot_linux-64-2.12-he073ed8_17.conda#595db67e32b276298ff3d94d07d47fbf
https://conda.anaconda.org/conda-forge/linux-64/_openmp_mutex-4.5-2_gnu.tar.bz2#73aaf86a425cc6e73fcf236a5a46396d
https://conda.anaconda.org/conda-forge/linux-64/binutils_impl_linux-64-2.40-ha885e6a_0.conda#800a4c872b5bc06fa83888d112fe6c4f
https://conda.anaconda.org/conda-forge/linux-64/binutils-2.40-h4852527_0.conda#a05c7712be80622934f7011e0a1d43fc
https://conda.anaconda.org/conda-forge/linux-64/binutils_linux-64-2.40-hdade7a5_3.conda#2d9a60578bc28469d9aeef9aea5520c3
https://conda.anaconda.org/conda-forge/linux-64/libgcc-ng-13.2.0-h77fa898_7.conda#72ec1b1b04c4d15d4204ece1ecea5978
https://conda.anaconda.org/conda-forge/linux-64/aws-c-common-0.9.19-h4ab18f5_0.conda#c6dedd5eab2236f4abb59ade9fb7fd44
https://conda.anaconda.org/conda-forge/linux-64/bzip2-1.0.8-hd590300_5.conda#69b8b6202a07720f448be700e300ccf4
https://conda.anaconda.org/conda-forge/linux-64/c-ares-1.28.1-hd590300_0.conda#dcde58ff9a1f30b0037a2315d1846d1f
https://conda.anaconda.org/conda-forge/linux-64/gflags-2.2.2-he1b5a44_1004.tar.bz2#cddaf2c63ea4a5901cf09524c490ecdc
https://conda.anaconda.org/conda-forge/linux-64/gtest-1.14.0-h00ab1b0_1.conda#d362a81b815334cc921b9362782881f3
https://conda.anaconda.org/conda-forge/linux-64/icu-73.2-h59595ed_0.conda#cc47e1facc155f91abd89b11e48e72ff
https://conda.anaconda.org/conda-forge/linux-64/keyutils-1.6.1-h166bdaf_0.tar.bz2#30186d27e2c9fa62b45fb1476b7200e3
https://conda.anaconda.org/conda-forge/linux-64/libabseil-20240116.2-cxx17_h59595ed_0.conda#682bdbe046a68f749769b492f3625c5c
https://conda.anaconda.org/conda-forge/linux-64/libbrotlicommon-1.1.0-hd590300_1.conda#aec6c91c7371c26392a06708a73c70e5
https://conda.anaconda.org/conda-forge/linux-64/libcrc32c-1.1.2-h9c3ff4c_0.tar.bz2#c965a5aa0d5c1c37ffc62dff36e28400
https://conda.anaconda.org/conda-forge/linux-64/libev-4.33-hd590300_2.conda#172bf1cd1ff8629f2b1179945ed45055
https://conda.anaconda.org/conda-forge/linux-64/libffi-3.4.2-h7f98852_5.tar.bz2#d645c6d2ac96843a2bfaccd2d62b3ac3
https://conda.anaconda.org/conda-forge/linux-64/libgfortran5-13.2.0-hca663fb_7.conda#c0bd771f09a326fdcd95a60b617795bf
https://conda.anaconda.org/conda-forge/linux-64/libiconv-1.17-hd590300_2.conda#d66573916ffcf376178462f1b61c941e
https://conda.anaconda.org/conda-forge/linux-64/libnl-3.9.0-hd590300_0.conda#d27c451db4f1d3c983c78167d2fdabc2
https://conda.anaconda.org/conda-forge/linux-64/libnsl-2.0.1-hd590300_0.conda#30fd6e37fe21f86f4bd26d6ee73eeec7
https://conda.anaconda.org/conda-forge/linux-64/libsanitizer-12.3.0-hb8811af_7.conda#ee573415c47ce17f65101d0b3fba396d
https://conda.anaconda.org/conda-forge/linux-64/libutf8proc-2.8.0-h166bdaf_0.tar.bz2#ede4266dc02e875fe1ea77b25dd43747
https://conda.anaconda.org/conda-forge/linux-64/libuuid-2.38.1-h0b41bf4_0.conda#40b61aab5c7ba9ff276c41cfffe6b80b
https://conda.anaconda.org/conda-forge/linux-64/libxcrypt-4.4.36-hd590300_1.conda#5aa797f8787fe7a17d1b0821485b5adc
https://conda.anaconda.org/conda-forge/linux-64/libzlib-1.2.13-hd590300_5.conda#f36c115f1ee199da648e0597ec2047ad
https://conda.anaconda.org/conda-forge/linux-64/lz4-c-1.9.4-hcb278e6_0.conda#318b08df404f9c9be5712aaa5a6f0bb0
https://conda.anaconda.org/conda-forge/linux-64/ncurses-6.5-h59595ed_0.conda#fcea371545eda051b6deafb24889fc69
https://conda.anaconda.org/conda-forge/linux-64/openssl-3.3.0-h4ab18f5_3.conda#12ea6d0d4ed54530eaed18e4835c1f7c
https://conda.anaconda.org/conda-forge/linux-64/snappy-1.2.0-hdb0a2a9_1.conda#843bbb8ace1d64ac50d64639ff38b014
https://conda.anaconda.org/conda-forge/linux-64/xz-5.2.6-h166bdaf_0.tar.bz2#2161070d867d1b1204ea749c8eec4ef0
https://conda.anaconda.org/conda-forge/linux-64/aws-c-cal-0.6.14-h88a6e22_1.conda#7ed63b0e816dd1635903506ef5d2c079
https://conda.anaconda.org/conda-forge/linux-64/aws-c-compression-0.2.18-h83b837d_6.conda#3e572eacd0ce99a59e1bb9c260ad5b20
https://conda.anaconda.org/conda-forge/linux-64/aws-c-sdkutils-0.1.16-h83b837d_2.conda#f40c698b4ea90f7fedd187c6639c818b
https://conda.anaconda.org/conda-forge/linux-64/aws-checksums-0.1.18-h83b837d_6.conda#7995cb937bdac5913c8904fed6b3729d
https://conda.anaconda.org/conda-forge/linux-64/gcc_impl_linux-64-12.3.0-h58ffeeb_7.conda#95f78565a09852783d3e90e0389cfa5f
https://conda.anaconda.org/conda-forge/linux-64/glog-0.7.0-hed5481d_0.conda#a9ea19c48e11754899299f8123070f4e
https://conda.anaconda.org/conda-forge/linux-64/gmock-1.14.0-ha770c72_1.conda#50087ef2880a91759c06b46375d9a476
https://conda.anaconda.org/conda-forge/linux-64/libbrotlidec-1.1.0-hd590300_1.conda#f07002e225d7a60a694d42a7bf5ff53f
https://conda.anaconda.org/conda-forge/linux-64/libbrotlienc-1.1.0-hd590300_1.conda#5fc11c6020d421960607d821310fcd4d
https://conda.anaconda.org/conda-forge/linux-64/libedit-3.1.20191231-he28a2e2_2.tar.bz2#4d331e44109e3f0e19b4cb8f9b82f3e1
https://conda.anaconda.org/conda-forge/linux-64/libevent-2.1.12-hf998b51_1.conda#a1cfcc585f0c42bf8d5546bb1dfb668d
https://conda.anaconda.org/conda-forge/linux-64/libgfortran-ng-13.2.0-h69a702a_7.conda#1b84f26d9f4f6026e179e7805d5a15cd
https://conda.anaconda.org/conda-forge/linux-64/libnghttp2-1.58.0-h47da74e_1.conda#700ac6ea6d53d5510591c4344d5c989a
https://conda.anaconda.org/conda-forge/linux-64/libprotobuf-4.25.3-h08a7969_0.conda#6945825cebd2aeb16af4c69d97c32c13
https://conda.anaconda.org/conda-forge/linux-64/libre2-11-2023.09.01-h5a48ba9_2.conda#41c69fba59d495e8cf5ffda48a607e35
https://conda.anaconda.org/conda-forge/linux-64/libsqlite-3.45.3-h2797004_0.conda#b3316cbe90249da4f8e84cd66e1cc55b
https://conda.anaconda.org/conda-forge/linux-64/libssh2-1.11.0-h0841786_0.conda#1f5a58e686b13bcfde88b93f547d23fe
https://conda.anaconda.org/conda-forge/linux-64/libxml2-2.12.7-hc051c1a_0.conda#5d801a4906adc712d480afc362623b59
https://conda.anaconda.org/conda-forge/linux-64/rdma-core-51.0-hd3aeb46_0.conda#493598e1f28c01e316fda127715593aa
https://conda.anaconda.org/conda-forge/linux-64/readline-8.2-h8228510_1.conda#47d31b792659ce70f470b5c82fdfb7a4
https://conda.anaconda.org/conda-forge/linux-64/s2n-1.4.15-he19d79f_0.conda#4c7cc3fa1d2c5a63f9e2b1e2980a1672
https://conda.anaconda.org/conda-forge/linux-64/tk-8.6.13-noxft_h4845f30_101.conda#d453b98d9c83e71da0741bb0ff4d76bc
https://conda.anaconda.org/conda-forge/linux-64/zlib-1.2.13-hd590300_5.conda#68c34ec6149623be41a1933ab996a209
https://conda.anaconda.org/conda-forge/linux-64/zstd-1.5.6-ha6fb4c9_0.conda#4d056880988120e29d75bfff282e0f45
https://conda.anaconda.org/conda-forge/linux-64/aws-c-io-0.14.8-h21d4f22_5.conda#f9dd6e8a46f55f49eae5380d3b922b71
https://conda.anaconda.org/conda-forge/linux-64/gcc-12.3.0-h915e2ae_7.conda#84b1c5cebd0a0443f3d7f90a4be93fc6
https://conda.anaconda.org/conda-forge/linux-64/gcc_linux-64-12.3.0-h6477408_3.conda#7a53f84c45bdf4656ba27b9e9ed68b3d
https://conda.anaconda.org/conda-forge/linux-64/gfortran_impl_linux-64-12.3.0-h1645026_7.conda#2d9d4058c433c9ce2a811c76658c4efd
https://conda.anaconda.org/conda-forge/linux-64/gxx_impl_linux-64-12.3.0-h2a574ab_7.conda#265caa78b979f112fc241cecd0015c91
https://conda.anaconda.org/conda-forge/linux-64/krb5-1.21.2-h659d440_0.conda#cd95826dbd331ed1be26bdf401432844
https://conda.anaconda.org/conda-forge/linux-64/libllvm16-16.0.6-hb3ce162_3.conda#a4d48c40dd5c60edbab7fd69c9a88967
https://conda.anaconda.org/conda-forge/linux-64/libllvm18-18.1.5-hb77312f_0.conda#efd221d3668077ca067a206269418dec
https://conda.anaconda.org/conda-forge/linux-64/libopenblas-0.3.27-pthreads_h413a1c8_0.conda#a356024784da6dfd4683dc5ecf45b155
https://conda.anaconda.org/conda-forge/linux-64/libthrift-0.19.0-hb90f79a_1.conda#8cdb7d41faa0260875ba92414c487e2d
https://conda.anaconda.org/conda-forge/linux-64/orc-2.0.1-h17fec99_0.conda#d71bc27a3aafe3da4b19af8cd7f87857
https://conda.anaconda.org/conda-forge/linux-64/python-3.9.19-h0755675_0_cpython.conda#d9ee3647fbd9e8595b8df759b2bbefb8
https://conda.anaconda.org/conda-forge/linux-64/re2-2023.09.01-h7f4b329_2.conda#8f70e36268dea8eb666ef14c29bd3cda
https://conda.anaconda.org/conda-forge/linux-64/ucx-1.16.0-h209287a_5.conda#1bd6b5d51b155a3c03b6aa2702d37f3f
https://conda.anaconda.org/conda-forge/noarch/alabaster-0.7.16-pyhd8ed1ab_0.conda#def531a3ac77b7fb8c21d17bb5d0badb
https://conda.anaconda.org/conda-forge/linux-64/aws-c-event-stream-0.4.2-ha47c788_12.conda#8420d8e495a1468f593128e5fbf6748a
https://conda.anaconda.org/conda-forge/linux-64/aws-c-http-0.8.1-h29d6fba_17.conda#c20a29ff47043ba1ec24f45dc68930bf
https://conda.anaconda.org/conda-forge/linux-64/brotli-python-1.1.0-py39h3d6467e_1.conda#c48418c8b35f1d59ae9ae1174812b40a
https://conda.anaconda.org/conda-forge/linux-64/c-compiler-1.7.0-hd590300_1.conda#e9dffe1056994133616378309f932d77
https://conda.anaconda.org/conda-forge/noarch/certifi-2024.2.2-pyhd8ed1ab_0.conda#0876280e409658fc6f9e75d035960333
https://conda.anaconda.org/conda-forge/noarch/charset-normalizer-3.3.2-pyhd8ed1ab_0.conda#7f4a9e3fcff3f6356ae99244a014da6a
https://conda.anaconda.org/conda-forge/noarch/colorama-0.4.6-pyhd8ed1ab_0.tar.bz2#3faab06a954c2a04039983f2c4a50d99
https://conda.anaconda.org/conda-forge/noarch/docutils-0.21.2-pyhd8ed1ab_0.conda#e8cd5d629f65bdf0f3bb312cde14659e
https://conda.anaconda.org/conda-forge/linux-64/gfortran-12.3.0-h915e2ae_7.conda#8efa768f7f74085629f3e1090e7f0569
https://conda.anaconda.org/conda-forge/linux-64/gfortran_linux-64-12.3.0-h617cb40_3.conda#3a9e5b8a6f651ff14e74d896d8f04ab6
https://conda.anaconda.org/conda-forge/linux-64/gxx-12.3.0-h915e2ae_7.conda#721c5433122a02bf3a081db10a2e68e2
https://conda.anaconda.org/conda-forge/linux-64/gxx_linux-64-12.3.0-h4a1b8e8_3.conda#9ec22c7c544f4a4f6d660f0a3b0fd15c
https://conda.anaconda.org/conda-forge/noarch/idna-3.7-pyhd8ed1ab_0.conda#c0cc1420498b17414d8617d0b9f506ca
https://conda.anaconda.org/conda-forge/noarch/imagesize-1.4.1-pyhd8ed1ab_0.tar.bz2#7de5386c8fea29e76b303f37dde4c352
https://conda.anaconda.org/conda-forge/linux-64/libblas-3.9.0-22_linux64_openblas.conda#1a2a0cd3153464fee6646f3dd6dad9b8
https://conda.anaconda.org/conda-forge/linux-64/libclang-cpp18.1-18.1.5-default_h127d8a8_0.conda#3c2113dac68a47df49b9036e2258f4d9
https://conda.anaconda.org/conda-forge/linux-64/libclang13-18.1.5-default_h5d6823c_0.conda#60c39a00b694c98da03f67a3ba1d7499
https://conda.anaconda.org/conda-forge/linux-64/libcurl-8.8.0-hca28451_0.conda#f21c27f076a07907e70c49bb57bd0f20
https://conda.anaconda.org/conda-forge/linux-64/libgrpc-1.62.2-h15f2491_0.conda#8dabe607748cb3d7002ad73cd06f1325
https://conda.anaconda.org/conda-forge/linux-64/markupsafe-2.1.5-py39hd1e30aa_0.conda#9a9a22eb1f83c44953319ee3b027769f
https://conda.anaconda.org/conda-forge/noarch/packaging-24.0-pyhd8ed1ab_0.conda#248f521b64ce055e7feae3105e7abeb8
https://conda.anaconda.org/conda-forge/noarch/pygments-2.18.0-pyhd8ed1ab_0.conda#b7f5c092b8f9800150d998a71b76d5a1
https://conda.anaconda.org/conda-forge/noarch/pysocks-1.7.1-pyha2e5f31_6.tar.bz2#2a7de29fb590ca14b5243c4c812c8025
https://conda.anaconda.org/conda-forge/noarch/pytz-2024.1-pyhd8ed1ab_0.conda#3eeeeb9e4827ace8c0c1419c85d590ad
https://conda.anaconda.org/conda-forge/noarch/setuptools-70.0.0-pyhd8ed1ab_0.conda#c8ddb4f34a208df4dd42509a0f6a1c89
https://conda.anaconda.org/conda-forge/noarch/snowballstemmer-2.2.0-pyhd8ed1ab_0.tar.bz2#4d22a9315e78c6827f806065957d566e
https://conda.anaconda.org/conda-forge/noarch/sphinxcontrib-jsmath-1.0.1-pyhd8ed1ab_0.conda#da1d979339e2714c30a8e806a33ec087
https://conda.anaconda.org/conda-forge/noarch/tomli-2.0.1-pyhd8ed1ab_0.tar.bz2#5844808ffab9ebdb694585b50ba02a96
https://conda.anaconda.org/conda-forge/noarch/zipp-3.17.0-pyhd8ed1ab_0.conda#2e4d6bc0b14e10f895fc6791a7d9b26a
https://conda.anaconda.org/conda-forge/linux-64/aws-c-auth-0.7.22-h96bc93b_2.conda#de2b7c9aa9b279cca5542134b7a2b86a
https://conda.anaconda.org/conda-forge/linux-64/aws-c-mqtt-0.10.4-h759edc4_4.conda#8ced661d9dcece8698922fd8a73b6511
https://conda.anaconda.org/conda-forge/noarch/babel-2.14.0-pyhd8ed1ab_0.conda#9669586875baeced8fc30c0826c3270e
https://conda.anaconda.org/conda-forge/linux-64/clang-format-18-18.1.5-default_h127d8a8_0.conda#85a93c10434266f4a66fad94584a90c2
https://conda.anaconda.org/conda-forge/linux-64/cxx-compiler-1.7.0-h00ab1b0_1.conda#28de2e073db9ca9b72858bee9fb6f571
https://conda.anaconda.org/conda-forge/linux-64/fortran-compiler-1.7.0-heb67821_1.conda#cf4b0e7c4c78bb0662aed9b27c414a3c
https://conda.anaconda.org/conda-forge/noarch/importlib-metadata-7.1.0-pyha770c72_0.conda#0896606848b2dc5cebdf111b6543aa04
https://conda.anaconda.org/conda-forge/noarch/jinja2-3.1.4-pyhd8ed1ab_0.conda#7b86ecb7d3557821c649b3c31e3eb9f2
https://conda.anaconda.org/conda-forge/linux-64/libcblas-3.9.0-22_linux64_openblas.conda#4b31699e0ec5de64d5896e580389c9a1
https://conda.anaconda.org/conda-forge/linux-64/libgoogle-cloud-2.24.0-h2736e30_0.conda#34aeee3fa7fca5dc21fad3ac6f4f0ab2
https://conda.anaconda.org/conda-forge/linux-64/liblapack-3.9.0-22_linux64_openblas.conda#b083767b6c877e24ee597d93b87ab838
https://conda.anaconda.org/conda-forge/noarch/urllib3-2.2.1-pyhd8ed1ab_0.conda#08807a87fa7af10754d46f63b368e016
https://conda.anaconda.org/conda-forge/linux-64/aws-c-s3-0.5.9-h594631b_3.conda#47490db1dcddfb1c355251fc427746a6
https://conda.anaconda.org/conda-forge/linux-64/clang-format-18.1.5-default_h127d8a8_0.conda#ccf16d9f7f1b9be128dd2d497abd59c7
https://conda.anaconda.org/conda-forge/linux-64/compilers-1.7.0-ha770c72_1.conda#d8d07866ac3b5b6937213c89a1874f08
https://conda.anaconda.org/conda-forge/linux-64/libgoogle-cloud-storage-2.24.0-h3d9a0c8_0.conda#a731371833a7b1ab3a87be0fe7e6235a
https://conda.anaconda.org/conda-forge/linux-64/numpy-1.26.4-py39h474f0d3_0.conda#aa265f5697237aa13cc10f53fa8acc4f
https://conda.anaconda.org/conda-forge/noarch/requests-2.32.2-pyhd8ed1ab_0.conda#e1643b34b19df8c028a4f00bf5df58a6
https://conda.anaconda.org/conda-forge/linux-64/aws-crt-cpp-0.26.8-he3a8b3b_15.conda#4c603a77b86ef67f391cdf53d74a9136
https://conda.anaconda.org/conda-forge/linux-64/clang-tools-18.1.5-default_h127d8a8_0.conda#98ca0cbe55523fc5dab21ed972fb7424
https://conda.anaconda.org/conda-forge/linux-64/aws-sdk-cpp-1.11.329-h2b10e16_2.conda#2db9fc0103dc089c9ec6b64f3b8be292
https://conda.anaconda.org/conda-forge/linux-64/libarrow-15.0.2-h06228bf_10_cpu.conda#5c17c7fec614788aadfa6d78f73eb4dd
https://conda.anaconda.org/conda-forge/linux-64/libarrow-acero-15.0.2-hbabe93e_10_cpu.conda#09e5fa52dfd9930854c980a0be0f6843
https://conda.anaconda.org/conda-forge/linux-64/libarrow-flight-15.0.2-he07691f_10_cpu.conda#a2b9a82e7fc18442474f131639026690
https://conda.anaconda.org/conda-forge/linux-64/libarrow-gandiva-15.0.2-hc1954e9_10_cpu.conda#63e271098e4b4ca43e8387f6bf22bcfd
https://conda.anaconda.org/conda-forge/linux-64/libparquet-15.0.2-hacf5a1f_10_cpu.conda#b00b22f770805d445c78e966f3259341
https://conda.anaconda.org/conda-forge/linux-64/libarrow-dataset-15.0.2-hbabe93e_10_cpu.conda#087bb7fe617a68e27ed2d729a6f58386
https://conda.anaconda.org/conda-forge/linux-64/libarrow-flight-sql-15.0.2-he4f5ca8_10_cpu.conda#773f14d1562b4af5242db34cdb719b51
https://conda.anaconda.org/conda-forge/linux-64/libarrow-substrait-15.0.2-he4f5ca8_10_cpu.conda#32b1938c692d1f355aaabe543c83a1f4
https://conda.anaconda.org/conda-forge/linux-64/pyarrow-15.0.2-py39h38d04b8_10_cpu.conda#5a3776722d31ce8ef8c999347bc40ecc
https://conda.anaconda.org/conda-forge/noarch/sphinxcontrib-applehelp-1.0.8-pyhd8ed1ab_0.conda#611a35a27914fac3aa37611a6fe40bb5
https://conda.anaconda.org/conda-forge/noarch/sphinxcontrib-devhelp-1.0.6-pyhd8ed1ab_0.conda#d7e4954df0d3aea2eacc7835ad12671d
https://conda.anaconda.org/conda-forge/noarch/sphinxcontrib-htmlhelp-2.0.5-pyhd8ed1ab_0.conda#7e1e7437273682ada2ed5e9e9714b140
https://conda.anaconda.org/conda-forge/noarch/sphinxcontrib-qthelp-1.0.7-pyhd8ed1ab_0.conda#26acae54b06f178681bfb551760f5dd1
https://conda.anaconda.org/conda-forge/noarch/sphinx-7.3.7-pyhd8ed1ab_0.conda#7b1465205e28d75d2c0e1a868ee00a67
https://conda.anaconda.org/conda-forge/noarch/sphinxcontrib-serializinghtml-1.1.10-pyhd8ed1ab_0.conda#e507335cb4ca9cff4c3d0fa9cdab255e
