# Generated by conda-lock.
# platform: osx-arm64
# input_hash: d6981abd51edd0b8353a4500b89d1b6775271159fa2dbfe6b5b8d422d77d3c05
@EXPLICIT
https://conda.anaconda.org/conda-forge/osx-arm64/libev-4.33-h93a5062_2.conda#36d33e440c31857372a72137f78bacf5
https://conda.anaconda.org/conda-forge/noarch/libgfortran-devel_osx-arm64-14.3.0-hc965647_1.conda#c1b69e537b3031d0f5af780b432ce511
https://conda.anaconda.org/conda-forge/osx-arm64/libopentelemetry-cpp-headers-1.27.0-hce30654_1.conda#7f61001d82fd50385d4f9fb57f936e95
https://conda.anaconda.org/conda-forge/osx-arm64/nlohmann_json-3.12.0-h784d473_1.conda#755cfa6c08ed7b7acbee20ccbf15a47c
https://conda.anaconda.org/conda-forge/noarch/python_abi-3.11-8_cp311.conda#8fcb6b0e2161850556231336dae58358
https://conda.anaconda.org/conda-forge/noarch/sdkroot_env_osx-arm64-26.0-ha3f98da_7.conda#5f0ebbfea12d8e5bddff157e271fdb2f
https://conda.anaconda.org/conda-forge/noarch/tzdata-2026c-h151e31d_0.conda#fcb489df604d100968b737f2cb6076c6
https://conda.anaconda.org/conda-forge/osx-arm64/aws-c-common-0.14.2-h84a0fba_0.conda#35d52f06a5eaaa66c62dd37a4d82d780
https://conda.anaconda.org/conda-forge/osx-arm64/bzip2-1.0.8-hd037594_9.conda#620b85a3f45526a8bc4d23fd78fc22f0
https://conda.anaconda.org/conda-forge/osx-arm64/c-ares-1.34.8-h84a0fba_0.conda#187f3b77e761a2f126f9e09f165cebba
https://conda.anaconda.org/conda-forge/noarch/ca-certificates-2026.7.22-hbd8a1cb_0.conda#0f51e2391ade309db462a55611263e9c
https://conda.anaconda.org/conda-forge/osx-arm64/icu-78.3-hc7cc350_2.conda#6133ddbb17ba2b50700dd88e9303ce27
https://conda.anaconda.org/conda-forge/osx-arm64/libbrotlicommon-1.2.0-hc919400_1.conda#006e7ddd8a110771134fcc4e1e3a6ffa
https://conda.anaconda.org/conda-forge/osx-arm64/libcxx-22.1.8-h55c6f16_0.conda#89f76a2a21a3ec3ec983b5eb237c4113
https://conda.anaconda.org/conda-forge/noarch/libcxx-headers-19.1.7-h707e725_2.conda#de91b5ce46dc7968b6e311f9add055a2
https://conda.anaconda.org/conda-forge/osx-arm64/libexpat-2.8.1-hf6b4638_1.conda#a915151d5d3c5bf039f5ccc8402a436f
https://conda.anaconda.org/conda-forge/osx-arm64/libffi-3.5.2-hcf2aa1b_0.conda#43c04d9cb46ef176bb2a4c77e324d599
https://conda.anaconda.org/conda-forge/osx-arm64/libiconv-1.18-h23cfdf5_2.conda#4d5a7445f0b25b6a3ddbb56e790f5251
https://conda.anaconda.org/conda-forge/osx-arm64/liblzma-5.8.3-h8088a28_0.conda#b1fd823b5ae54fbec272cea0811bd8a9
https://conda.anaconda.org/conda-forge/osx-arm64/libutf8proc-2.11.3-h2431656_0.conda#2255add2f6ae77d0a96624a5cbde6d45
https://conda.anaconda.org/conda-forge/osx-arm64/libzlib-1.3.2-h8088a28_3.conda#f39288f0ea63ae962e1a2e4f355a0d75
https://conda.anaconda.org/conda-forge/osx-arm64/llvm-openmp-22.1.8-hc7d1edf_0.conda#a9c118f6343fb6301b6f3b4e94c4c562
https://conda.anaconda.org/conda-forge/osx-arm64/ncurses-6.6-h1d4f5a5_0.conda#343d10ed5b44030a2f67193905aea159
https://conda.anaconda.org/conda-forge/osx-arm64/_openmp_mutex-4.5-7_kmp_llvm.conda#a44032f282e7d2acdeb1c240308052dd
https://conda.anaconda.org/conda-forge/osx-arm64/aws-c-cal-0.9.14-hb9ed60c_4.conda#5f5ba0cd72e15095ede1ad38e8907f5f
https://conda.anaconda.org/conda-forge/osx-arm64/aws-c-compression-0.3.2-hf0b4b85_4.conda#6e0883cca4143f456e019f751d0b9f3b
https://conda.anaconda.org/conda-forge/osx-arm64/aws-c-sdkutils-0.2.7-hf0b4b85_2.conda#de81e53b45b103470d3be61984dcc292
https://conda.anaconda.org/conda-forge/osx-arm64/aws-checksums-0.2.10-hf0b4b85_4.conda#99cd08b2a8261083e4ad9414cbe737df
https://conda.anaconda.org/conda-forge/osx-arm64/gflags-2.3.1-h784d473_0.conda#96aea99abfaf8d1e7731c03e3f70fb02
https://conda.anaconda.org/conda-forge/osx-arm64/gmp-6.3.0-h7bae524_2.conda#eed7278dfbab727b56f2c0b64330814b
https://conda.anaconda.org/conda-forge/osx-arm64/gtest-1.17.0-ha393de7_1.conda#f277a9eb8063fe7c4e33d91b8296fb0c
https://conda.anaconda.org/conda-forge/osx-arm64/isl-0.26-imath32_h347afa1_101.conda#e80e44a3f4862b1da870dc0557f8cf3b
https://conda.anaconda.org/conda-forge/osx-arm64/libabseil-20260526.0-cxx17_h2062a1b_1.conda#8adfdc0215e979a0ce31be676883e0b3
https://conda.anaconda.org/conda-forge/osx-arm64/libbrotlidec-1.2.0-hc919400_1.conda#079e88933963f3f149054eec2c487bc2
https://conda.anaconda.org/conda-forge/osx-arm64/libbrotlienc-1.2.0-hc919400_1.conda#b2b7c8288ca1a2d71ff97a8e6a1e8883
https://conda.anaconda.org/conda-forge/osx-arm64/libcrc32c-1.1.2-hbdafb3b_0.tar.bz2#32bd82a6a625ea6ce090a81c3d34edeb
https://conda.anaconda.org/conda-forge/osx-arm64/libcxx-devel-19.1.7-h6dc3340_2.conda#9f7810b7c0a731dbc84d46d6005890ef
https://conda.anaconda.org/conda-forge/osx-arm64/libedit-3.1.20250104-pl5321hafb1f1b_0.conda#44083d2d2c2025afca315c7a172eab2b
https://conda.anaconda.org/conda-forge/osx-arm64/libpsl-0.22.0-h7a62e17_2.conda#0eb67a1cb0a95320b05d8d53a24b1bff
https://conda.anaconda.org/conda-forge/osx-arm64/libsqlite-3.53.4-h1ae2325_0.conda#0e3477c0c3e718dcf2eb74ccc8f68570
https://conda.anaconda.org/conda-forge/osx-arm64/libxml2-16-2.15.3-h5ef1a60_0.conda#19edaa53885fc8205614b03da2482282
https://conda.anaconda.org/conda-forge/osx-arm64/lz4-c-1.10.0-h286801f_1.conda#01511afc6cc1909c5303cf31be17b44f
https://conda.anaconda.org/conda-forge/osx-arm64/openssl-3.6.3-hd24854e_0.conda#8187a86242741725bfa74785fe812979
https://conda.anaconda.org/conda-forge/osx-arm64/readline-8.3-h46df422_0.conda#f8381319127120ce51e081dce4865cf4
https://conda.anaconda.org/conda-forge/osx-arm64/snappy-1.2.2-hada39a4_1.conda#fca4a2222994acd7f691e57f94b750c5
https://conda.anaconda.org/conda-forge/osx-arm64/tapi-1600.0.11.8-h997e182_2.conda#555070ad1e18b72de36e9ee7ed3236b3
https://conda.anaconda.org/conda-forge/osx-arm64/tk-8.6.13-hd3d0363_3.conda#8e3cf0e455e6b54519f0b1c72c61780a
https://conda.anaconda.org/conda-forge/osx-arm64/zlib-1.3.2-h8088a28_3.conda#2c966485853aa27985fbec7e3fcc4e77
https://conda.anaconda.org/conda-forge/osx-arm64/zstd-1.5.7-hbf9d68e_6.conda#ab136e4c34e97f34fb621d2592a393d8
https://conda.anaconda.org/conda-forge/osx-arm64/glog-0.7.1-h6f9ecc1_1.conda#68937f90f7930d49e106b94e95d4536c
https://conda.anaconda.org/conda-forge/osx-arm64/gmock-1.17.0-hce30654_1.conda#032a8260ea052e9ed5b3cffbb6ec0831
https://conda.anaconda.org/conda-forge/osx-arm64/krb5-1.22.2-hfd3d5f3_1.conda#8780f41b013d19219faef9c82260744b
https://conda.anaconda.org/conda-forge/osx-arm64/libevent-2.1.12-h2757513_1.conda#1a109764bff3bdc7bdd84088347d71dc
https://conda.anaconda.org/conda-forge/osx-arm64/libgcc-16.1.0-h3cf6597_0.conda#b2fe9d729db301090541079451618645
https://conda.anaconda.org/conda-forge/osx-arm64/libnghttp2-1.68.1-h8f3e76b_0.conda#6ea18834adbc3b33df9bd9fb45eaf95b
https://conda.anaconda.org/conda-forge/osx-arm64/libprotobuf-7.35.1-h8daa630_2.conda#7f77d9a99dd9e79e1f5be50d6632f675
https://conda.anaconda.org/conda-forge/osx-arm64/libre2-11-2025.11.05-h5d15848_2.conda#b750c4f83563c7528634bdcfd28622ce
https://conda.anaconda.org/conda-forge/osx-arm64/libsigtool-0.1.3-h98dc951_0.conda#c08557d00807785decafb932b5be7ef5
https://conda.anaconda.org/conda-forge/osx-arm64/libssh2-1.11.1-h1590b86_0.conda#b68e8f66b94b44aaa8de4583d3d4cc40
https://conda.anaconda.org/conda-forge/osx-arm64/libxml2-2.15.3-h5654f7c_0.conda#8e037d73747d6fe34e12d7bcac10cf21
https://conda.anaconda.org/conda-forge/osx-arm64/mpfr-4.2.2-h6bc93b0_0.conda#a47a14da2103c9c7a390f7c8bc8d7f9b
https://conda.anaconda.org/conda-forge/osx-arm64/python-3.11.15-h0c9c016_1_cpython.conda#91607d75cdf9fafc95061e3763582657
https://conda.anaconda.org/conda-forge/osx-arm64/s2n-1.7.5-h1b28cb6_1.conda#94b3b302cd6c07c5ec68648b25c8c525
https://conda.anaconda.org/conda-forge/noarch/alabaster-1.0.0-pyhd8ed1ab_1.conda#1fd9696649f65fd6611fcdb4ffec738a
https://conda.anaconda.org/conda-forge/osx-arm64/aws-c-io-0.27.3-ha24efe8_1.conda#c4d73dc09e972a895d5a3dc7ce158be9
https://conda.anaconda.org/conda-forge/noarch/babel-2.18.0-pyhcf101f3_1.conda#f1976ce927373500cc19d3c0b2c85177
https://conda.anaconda.org/conda-forge/osx-arm64/backports.zstd-1.6.0-py311h36d4fbb_0.conda#ab2cfcf1499efba573df019a9aa1f3dc
https://conda.anaconda.org/conda-forge/osx-arm64/brotli-python-1.2.0-py311hdc60ec4_1.conda#150cbf381febcf0a5e470a8d066e1bc0
https://conda.anaconda.org/conda-forge/noarch/certifi-2026.7.22-pyhd8ed1ab_0.conda#37e13edbe3b48f1095a9d085ef9cd83b
https://conda.anaconda.org/conda-forge/noarch/charset-normalizer-3.4.9-pyhd8ed1ab_0.conda#d154b40b109e503430979e8a8d099eaf
https://conda.anaconda.org/conda-forge/noarch/colorama-0.4.6-pyhd8ed1ab_1.conda#962b9857ee8e7018c22f2776ffa0b2d7
https://conda.anaconda.org/conda-forge/noarch/docutils-0.22.4-pyhd8ed1ab_0.conda#d6bd3cd217e62bbd7efe67ff224cd667
https://conda.anaconda.org/conda-forge/noarch/hpack-4.2.0-pyhd8ed1ab_0.conda#b395909221b9bd1df066e5930e18855b
https://conda.anaconda.org/conda-forge/noarch/hyperframe-6.1.0-pyhd8ed1ab_0.conda#8e6923fc12f1fe8f8c4e5c9f343256ac
https://conda.anaconda.org/conda-forge/noarch/idna-3.18-pyhcf101f3_0.conda#577b04680ae422adb86fc60d7b940659
https://conda.anaconda.org/conda-forge/noarch/imagesize-2.0.0-pyhd8ed1ab_0.conda#92617c2ba2847cca7a6ed813b6f4ab79
https://conda.anaconda.org/conda-forge/osx-arm64/libcurl-8.21.0-h1359186_2.conda#dfe89fb0539ad4611998a5c6905692ff
https://conda.anaconda.org/conda-forge/osx-arm64/libgfortran5-16.1.0-h32cdfcc_0.conda#9c2a525cf77ca977a07d10c007d06140
https://conda.anaconda.org/conda-forge/osx-arm64/libllvm19-19.1.7-h8e0c9ce_2.conda#d1d9b233830f6631800acc1e081a9444
https://conda.anaconda.org/conda-forge/osx-arm64/libllvm22-22.1.8-h89af1be_1.conda#5726aa6dda93e10bd614e434e9c9b8fc
https://conda.anaconda.org/conda-forge/osx-arm64/libthrift-0.22.0-h1fb9c8a_2.conda#d006875f9a58a44f92aec9a7ebeb7150
https://conda.anaconda.org/conda-forge/osx-arm64/markupsafe-3.0.3-py311hc290fe0_1.conda#ff068874356bbc7f9bd2d793f809f44b
https://conda.anaconda.org/conda-forge/osx-arm64/mpc-1.4.0-h169892a_0.conda#2845c3a1d0d8da1db92aba8323892475
https://conda.anaconda.org/conda-forge/osx-arm64/orc-2.3.1-hef2a647_0.conda#d5626f645bea2fb646e12910c181fc79
https://conda.anaconda.org/conda-forge/noarch/packaging-26.2-pyhc364b38_0.conda#4c06a92e74452cfa53623a81592e8934
https://conda.anaconda.org/conda-forge/noarch/pygments-2.20.0-pyhd8ed1ab_0.conda#16c18772b340887160c79a6acc022db0
https://conda.anaconda.org/conda-forge/noarch/pysocks-1.7.1-pyha55dd90_7.conda#461219d1a5bd61342293efa2c0c90eac
https://conda.anaconda.org/conda-forge/osx-arm64/re2-2025.11.05-h5d60da5_2.conda#a2578dc92c16ab5b6b183cfcdc8e8b79
https://conda.anaconda.org/conda-forge/noarch/roman-numerals-4.1.0-pyhd8ed1ab_0.conda#0dc48b4b570931adc8641e55c6c17fe4
https://conda.anaconda.org/conda-forge/osx-arm64/sigtool-codesign-0.1.3-h98dc951_0.conda#ade77ad7513177297b1d75e351e136ce
https://conda.anaconda.org/conda-forge/noarch/snowballstemmer-3.1.1-pyhd8ed1ab_0.conda#46b6abe31482f6bca064b965696ae807
https://conda.anaconda.org/conda-forge/noarch/sphinxcontrib-jsmath-1.0.1-pyhd8ed1ab_1.conda#fa839b5ff59e192f411ccc7dae6588bb
https://conda.anaconda.org/conda-forge/osx-arm64/aws-c-event-stream-0.7.1-ha581b6a_4.conda#4ce3e032bfa6d72114e481c2dc99e2e2
https://conda.anaconda.org/conda-forge/osx-arm64/aws-c-http-0.11.0-h27f0cb5_4.conda#9e435c44eafb6aba85f0133f4c579d1c
https://conda.anaconda.org/conda-forge/osx-arm64/azure-core-cpp-1.16.3-he5ae378_0.conda#4f42d997f42a8d34ff74cb677cf0c828
https://conda.anaconda.org/conda-forge/noarch/h2-4.4.0-pyhcf101f3_0.conda#aae3214aab65ae635fbb3cc455596a86
https://conda.anaconda.org/conda-forge/noarch/jinja2-3.1.6-pyhcf101f3_1.conda#04558c96691bed63104678757beb4f8d
https://conda.anaconda.org/conda-forge/osx-arm64/ld64_osx-arm64-956.6-llvm19_1_ha2625f7_5.conda#d92bcd8b46949ed3390b0c2c313eae49
https://conda.anaconda.org/conda-forge/osx-arm64/libclang-cpp19.1-19.1.7-default_hf3020a7_9.conda#ddb70ebdcbf3a44bddc2657a51faf490
https://conda.anaconda.org/conda-forge/osx-arm64/libclang-cpp22.1-22.1.8-default_hdca5a3d_3.conda#996a036eabb7a8594626fdc1cf758519
https://conda.anaconda.org/conda-forge/osx-arm64/libgfortran-16.1.0-h07b0088_0.conda#6193751b71bd3bf5e1df5eec3378d0ac
https://conda.anaconda.org/conda-forge/osx-arm64/libgrpc-1.82.1-hf3e839d_0.conda#5f7f645a15eedc24da7f271dc2086bcf
https://conda.anaconda.org/conda-forge/osx-arm64/llvm-tools-19-19.1.7-h91fd4e7_2.conda#8237b150fcd7baf65258eef9a0fc76ef
https://conda.anaconda.org/conda-forge/osx-arm64/prometheus-cpp-1.3.0-h0967b3e_0.conda#7172339b49c94275ba42fec3eaeda34f
https://conda.anaconda.org/conda-forge/osx-arm64/aws-c-auth-0.10.4-h0f08c97_1.conda#c5d9f5796fb392f0984def10b26f1175
https://conda.anaconda.org/conda-forge/osx-arm64/aws-c-mqtt-0.16.0-hf1a914d_2.conda#742911742b564828dbaaffaa0f1a21eb
https://conda.anaconda.org/conda-forge/osx-arm64/azure-identity-cpp-1.13.3-h05177fb_2.conda#e1701f6b2ce6f47aeb6cbfab132403d8
https://conda.anaconda.org/conda-forge/osx-arm64/azure-storage-common-cpp-12.14.0-h7cba3ab_1.conda#2af5d1b5365c4a3de8ed8ec8438fe6ec
https://conda.anaconda.org/conda-forge/osx-arm64/clang-19-19.1.7-default_hf3020a7_9.conda#5a77d772c22448f6ab340fbfff55db48
https://conda.anaconda.org/conda-forge/osx-arm64/clang-format-19-19.1.7-default_hf3020a7_9.conda#03fc00f8bce94befe6b8e9ce56ccec56
https://conda.anaconda.org/conda-forge/osx-arm64/ld64-956.6-llvm19_1_he86490a_5.conda#972af8a8dee1002cc8a9d331d273326c
https://conda.anaconda.org/conda-forge/osx-arm64/libclang13-22.1.8-default_h3bfd001_3.conda#2c49f55d9c150ce54e7c0f9d21664b47
https://conda.anaconda.org/conda-forge/osx-arm64/libopentelemetry-cpp-1.27.0-h46c1d2a_1.conda#a6c2fc0c5ddf105b3d3e353c1383a492
https://conda.anaconda.org/conda-forge/osx-arm64/llvm-tools-19.1.7-h855ad52_2.conda#3e3ac06efc5fdc1aa675ca30bf7d53df
https://conda.anaconda.org/conda-forge/noarch/urllib3-2.7.0-pyhd8ed1ab_0.conda#cbb88288f74dbe6ada1c6c7d0a97223e
https://conda.anaconda.org/conda-forge/osx-arm64/aws-c-s3-0.12.8-hdc61527_1.conda#ea0e1e78de6375004530dd9f49d7ae46
https://conda.anaconda.org/conda-forge/osx-arm64/azure-storage-blobs-cpp-12.18.0-h409340b_1.conda#0948246cb8e514e4ae1cfe7dbb4046c7
https://conda.anaconda.org/conda-forge/osx-arm64/cctools_impl_osx-arm64-1030.6.3-llvm19_1_hc7668c6_5.conda#5fbea6ce6ff8af995623a85b5215df26
https://conda.anaconda.org/conda-forge/osx-arm64/clang-format-19.1.7-default_hf3020a7_9.conda#8a9e72cc9f23409110fd882ae3a805df
https://conda.anaconda.org/conda-forge/osx-arm64/libgoogle-cloud-3.7.0-ha595bda_0.conda#9b2bbbbe8e4c3fbfe37ab8bb57961c11
https://conda.anaconda.org/conda-forge/noarch/requests-2.34.2-pyhcf101f3_0.conda#4a85203c1d80c1059086ae860836ffb9
https://conda.anaconda.org/conda-forge/osx-arm64/aws-crt-cpp-0.40.1-h5b5d287_3.conda#e850d4d6e349471c50fbed1f55fd3069
https://conda.anaconda.org/conda-forge/osx-arm64/azure-storage-files-datalake-cpp-12.16.0-h16bb3af_1.conda#06ba52b8a66fd041f4910b547e3f3da1
https://conda.anaconda.org/conda-forge/osx-arm64/cctools-1030.6.3-llvm19_1_hd01ab73_5.conda#4ac48b22145b0cf5fcb9cbb48d48733b
https://conda.anaconda.org/conda-forge/osx-arm64/cctools_osx-arm64-1030.6.3-llvm19_1_hd01ab73_5.conda#acb70bf225797b6faf8d14e56f201074
https://conda.anaconda.org/conda-forge/osx-arm64/clang-tools-19.1.7-default_h1589341_9.conda#1d58e84155ff0993fd7d58357c77b320
https://conda.anaconda.org/conda-forge/osx-arm64/libgoogle-cloud-storage-3.7.0-hc8aed40_0.conda#0ea8352c44aa2157236e41522c0e6a7e
https://conda.anaconda.org/conda-forge/osx-arm64/aws-sdk-cpp-1.11.833-haa98fb3_9.conda#1748ae5f4015e2fec7009ff36cbfafa0
https://conda.anaconda.org/conda-forge/osx-arm64/libarrow-25.0.0-h3cd3611_3_cpu.conda#be82e0c5f691e2fe217f4654a3840f50
https://conda.anaconda.org/conda-forge/osx-arm64/libarrow-compute-25.0.0-h93a2d87_3_cpu.conda#bf298ac0ab6539c37cde28030eb45cbb
https://conda.anaconda.org/conda-forge/osx-arm64/libarrow-flight-25.0.0-h65de142_3_cpu.conda#ff72c987d45d37f10e525cdd8dde417f
https://conda.anaconda.org/conda-forge/osx-arm64/libparquet-25.0.0-h0de02aa_3_cpu.conda#0ebdb59bbb34225bedb0439c9b88b9ca
https://conda.anaconda.org/conda-forge/osx-arm64/libarrow-acero-25.0.0-heaff1e6_3_cpu.conda#064d552c12522fddf3af494f0b3b645b
https://conda.anaconda.org/conda-forge/osx-arm64/pyarrow-core-25.0.0-py311h6894905_0_cpu.conda#8b05a1d576a2c50074eee0fcf26adef8
https://conda.anaconda.org/conda-forge/osx-arm64/libarrow-dataset-25.0.0-heaff1e6_3_cpu.conda#a343e7ea4b6d855d29a370d82289201a
https://conda.anaconda.org/conda-forge/osx-arm64/libarrow-substrait-25.0.0-h2208e57_3_cpu.conda#8fbecd7f68954f6b642854c968f599f0
https://conda.anaconda.org/conda-forge/osx-arm64/pyarrow-25.0.0-py311ha1ab1f8_0.conda#b13280f3d200668940cb7098e7da543e
https://conda.anaconda.org/conda-forge/osx-arm64/c-compiler-1.11.0-h61f9b84_0.conda#148516e0c9edf4e9331a4d53ae806a9b
https://conda.anaconda.org/conda-forge/osx-arm64/clang-19.1.7-default_hf9bcbb7_9.conda#20056c993a8c9df01e04a0e165579ec1
https://conda.anaconda.org/conda-forge/noarch/compiler-rt_osx-arm64-19.1.7-he32a8d3_1.conda#8d99c82e0f5fed6cc36fcf66a11e03f0
https://conda.anaconda.org/conda-forge/osx-arm64/gfortran_impl_osx-arm64-14.3.0-h6d03799_1.conda#1e9ec88ecc684d92644a45c6df2399d0
https://conda.anaconda.org/conda-forge/osx-arm64/compiler-rt-19.1.7-h855ad52_1.conda#39451684370ae65667fa5c11222e43f7
https://conda.anaconda.org/conda-forge/osx-arm64/clang_impl_osx-arm64-19.1.7-default_hc11f16d_9.conda#2aec2e39be3b4999bda2a3e5bd4cd2e6
https://conda.anaconda.org/conda-forge/osx-arm64/clang_osx-arm64-19.1.7-h75f8d18_34.conda#a687765928cf0ad08ba9786f1da5c59b
https://conda.anaconda.org/conda-forge/osx-arm64/clangxx_impl_osx-arm64-19.1.7-default_hc11f16d_9.conda#8b7425e84f940861653c919142435bde
https://conda.anaconda.org/conda-forge/osx-arm64/clangxx-19.1.7-default_hc995acf_9.conda#9a1ac8e5124fcc201adb20a103d51cc6
https://conda.anaconda.org/conda-forge/osx-arm64/gfortran_osx-arm64-14.3.0-h3c33bd0_0.conda#8db8c0061c0f3701444b7b9cc9966511
https://conda.anaconda.org/conda-forge/osx-arm64/clangxx_osx-arm64-19.1.7-h75f8d18_34.conda#060bf4d7ab209f8e0c70d77d8e7b576c
https://conda.anaconda.org/conda-forge/osx-arm64/gfortran-14.3.0-h3ef1dbf_0.conda#e148e0bc9bbc90b6325a479a5501786d
https://conda.anaconda.org/conda-forge/osx-arm64/cxx-compiler-1.11.0-h88570a1_0.conda#043afed05ca5a0f2c18252ae4378bdee
https://conda.anaconda.org/conda-forge/osx-arm64/fortran-compiler-1.11.0-h81a4f41_0.conda#d221c62af175b83186f96d8b0880bff6
https://conda.anaconda.org/conda-forge/osx-arm64/compilers-1.11.0-hce30654_0.conda#aac0d423ecfd95bde39582d0de9ca657
https://conda.anaconda.org/conda-forge/noarch/sphinxcontrib-applehelp-2.0.0-pyhd8ed1ab_1.conda#16e3f039c0aa6446513e94ab18a8784b
https://conda.anaconda.org/conda-forge/noarch/sphinxcontrib-devhelp-2.0.0-pyhd8ed1ab_1.conda#910f28a05c178feba832f842155cbfff
https://conda.anaconda.org/conda-forge/noarch/sphinxcontrib-htmlhelp-2.1.0-pyhd8ed1ab_1.conda#e9fb3fe8a5b758b4aff187d434f94f03
https://conda.anaconda.org/conda-forge/noarch/sphinxcontrib-qthelp-2.0.0-pyhd8ed1ab_1.conda#00534ebcc0375929b45c3039b5ba7636
https://conda.anaconda.org/conda-forge/noarch/sphinx-9.0.4-pyhd8ed1ab_0.conda#950eae33376107d143a529d48c363832
https://conda.anaconda.org/conda-forge/noarch/sphinxcontrib-serializinghtml-2.0.0-pyhd8ed1ab_0.conda#f77df1fcf9af03b7287342638befca77
